<?xml version="1.0" encoding="UTF-8"?>
<!DOCTYPE plist PUBLIC "-//Apple//DTD PLIST 1.0//EN" "http://www.apple.com/DTDs/PropertyList-1.0.dtd">
<plist version="1.0">
<dict>
	<key>archiveVersion</key>
	<string>1</string>
	<key>classes</key>
	<dict/>
	<key>objectVersion</key>
	<string>46</string>
	<key>objects</key>
	<dict>
		<key>108171624B04444BB0CCB088</key>
		<dict>
			<key>buildActionMask</key>
			<string>2147483647</string>
			<key>files</key>
			<array/>
			<key>inputPaths</key>
			<array/>
			<key>isa</key>
			<string>PBXShellScriptBuildPhase</string>
			<key>name</key>
			<string>Check Pods Manifest.lock</string>
			<key>outputPaths</key>
			<array/>
			<key>runOnlyForDeploymentPostprocessing</key>
			<string>0</string>
			<key>shellPath</key>
			<string>/bin/sh</string>
			<key>shellScript</key>
			<string>diff "${PODS_ROOT}/../Podfile.lock" "${PODS_ROOT}/Manifest.lock" &gt; /dev/null
if [[ $? != 0 ]] ; then
    cat &lt;&lt; EOM
error: The sandbox is not in sync with the Podfile.lock. Run 'pod install' or update your CocoaPods installation.
EOM
    exit 1
fi
</string>
			<key>showEnvVarsInLog</key>
			<string>0</string>
		</dict>
		<key>25E39CA2E6DC405899BC99BE</key>
		<dict>
			<key>fileRef</key>
			<string>D818E488AE594B3D88782F79</string>
			<key>isa</key>
			<string>PBXBuildFile</string>
		</dict>
		<key>4C5B572BCDCF4F9EBD55ADDD</key>
		<dict>
			<key>includeInIndex</key>
			<string>1</string>
			<key>isa</key>
			<string>PBXFileReference</string>
			<key>lastKnownFileType</key>
			<string>text.xcconfig</string>
			<key>name</key>
			<string>Pods-test client.xcconfig</string>
			<key>path</key>
			<string>Pods/Pods-test client.xcconfig</string>
			<key>sourceTree</key>
			<string>&lt;group&gt;</string>
		</dict>
		<key>72AA33F8A5B241719BE4459B</key>
		<dict>
			<key>buildActionMask</key>
			<string>2147483647</string>
			<key>files</key>
			<array/>
			<key>inputPaths</key>
			<array/>
			<key>isa</key>
			<string>PBXShellScriptBuildPhase</string>
			<key>name</key>
			<string>Check Pods Manifest.lock</string>
			<key>outputPaths</key>
			<array/>
			<key>runOnlyForDeploymentPostprocessing</key>
			<string>0</string>
			<key>shellPath</key>
			<string>/bin/sh</string>
			<key>shellScript</key>
			<string>diff "${PODS_ROOT}/../Podfile.lock" "${PODS_ROOT}/Manifest.lock" &gt; /dev/null
if [[ $? != 0 ]] ; then
    cat &lt;&lt; EOM
error: The sandbox is not in sync with the Podfile.lock. Run 'pod install' or update your CocoaPods installation.
EOM
    exit 1
fi
</string>
			<key>showEnvVarsInLog</key>
			<string>0</string>
		</dict>
		<key>751132F417FB1ECF00A3DB81</key>
		<dict>
			<key>isa</key>
			<string>PBXFileReference</string>
			<key>lastKnownFileType</key>
			<string>archive.ar</string>
			<key>name</key>
			<string>libPods.a</string>
			<key>path</key>
			<string>Pods/build/Debug-iphoneos/libPods.a</string>
			<key>sourceTree</key>
			<string>&lt;group&gt;</string>
		</dict>
		<key>751132F617FB1F0800A3DB81</key>
		<dict>
			<key>buildActionMask</key>
			<string>2147483647</string>
			<key>files</key>
			<array>
				<string>7511330A17FB1F0800A3DB81</string>
				<string>7511330617FB1F0800A3DB81</string>
			</array>
			<key>isa</key>
			<string>PBXSourcesBuildPhase</string>
			<key>runOnlyForDeploymentPostprocessing</key>
			<string>0</string>
		</dict>
		<key>751132F717FB1F0800A3DB81</key>
		<dict>
			<key>buildActionMask</key>
			<string>2147483647</string>
			<key>files</key>
			<array>
				<string>751132FB17FB1F0800A3DB81</string>
				<string>751132FD17FB1F0800A3DB81</string>
				<string>25E39CA2E6DC405899BC99BE</string>
			</array>
			<key>isa</key>
			<string>PBXFrameworksBuildPhase</string>
			<key>runOnlyForDeploymentPostprocessing</key>
			<string>0</string>
		</dict>
		<key>751132F817FB1F0800A3DB81</key>
		<dict>
			<key>buildActionMask</key>
			<string>2147483647</string>
			<key>files</key>
			<array/>
			<key>isa</key>
			<string>PBXResourcesBuildPhase</string>
			<key>runOnlyForDeploymentPostprocessing</key>
			<string>0</string>
		</dict>
		<key>751132F917FB1F0800A3DB81</key>
		<dict>
			<key>buildConfigurationList</key>
			<string>7511331F17FB1F0800A3DB81</string>
			<key>buildPhases</key>
			<array>
				<string>72AA33F8A5B241719BE4459B</string>
				<string>751132F617FB1F0800A3DB81</string>
				<string>751132F717FB1F0800A3DB81</string>
				<string>751132F817FB1F0800A3DB81</string>
				<string>C9820ECC92C749A8AE7A98ED</string>
			</array>
			<key>buildRules</key>
			<array/>
			<key>dependencies</key>
			<array/>
			<key>isa</key>
			<string>PBXNativeTarget</string>
			<key>name</key>
			<string>test client</string>
			<key>productName</key>
			<string>test client</string>
			<key>productReference</key>
			<string>751132FA17FB1F0800A3DB81</string>
			<key>productType</key>
			<string>com.apple.product-type.application</string>
		</dict>
		<key>751132FA17FB1F0800A3DB81</key>
		<dict>
			<key>explicitFileType</key>
			<string>wrapper.application</string>
			<key>includeInIndex</key>
			<string>0</string>
			<key>isa</key>
			<string>PBXFileReference</string>
			<key>path</key>
			<string>test client.app</string>
			<key>sourceTree</key>
			<string>BUILT_PRODUCTS_DIR</string>
		</dict>
		<key>751132FB17FB1F0800A3DB81</key>
		<dict>
			<key>fileRef</key>
			<string>75E60B5D17F4498900952522</string>
			<key>isa</key>
			<string>PBXBuildFile</string>
		</dict>
		<key>751132FC17FB1F0800A3DB81</key>
		<dict>
			<key>isa</key>
			<string>PBXFileReference</string>
			<key>lastKnownFileType</key>
			<string>wrapper.framework</string>
			<key>name</key>
			<string>CoreGraphics.framework</string>
			<key>path</key>
			<string>System/Library/Frameworks/CoreGraphics.framework</string>
			<key>sourceTree</key>
			<string>SDKROOT</string>
		</dict>
		<key>751132FD17FB1F0800A3DB81</key>
		<dict>
			<key>fileRef</key>
			<string>751132FC17FB1F0800A3DB81</string>
			<key>isa</key>
			<string>PBXBuildFile</string>
		</dict>
		<key>751132FF17FB1F0800A3DB81</key>
		<dict>
			<key>children</key>
			<array>
				<string>7511330817FB1F0800A3DB81</string>
				<string>7511330917FB1F0800A3DB81</string>
				<string>7511330017FB1F0800A3DB81</string>
			</array>
			<key>isa</key>
			<string>PBXGroup</string>
			<key>path</key>
			<string>test client</string>
			<key>sourceTree</key>
			<string>&lt;group&gt;</string>
		</dict>
		<key>7511330017FB1F0800A3DB81</key>
		<dict>
			<key>children</key>
			<array>
				<string>7511330117FB1F0800A3DB81</string>
				<string>7511330217FB1F0800A3DB81</string>
				<string>7511330517FB1F0800A3DB81</string>
				<string>7511330717FB1F0800A3DB81</string>
			</array>
			<key>isa</key>
			<string>PBXGroup</string>
			<key>name</key>
			<string>Supporting Files</string>
			<key>sourceTree</key>
			<string>&lt;group&gt;</string>
		</dict>
		<key>7511330117FB1F0800A3DB81</key>
		<dict>
			<key>isa</key>
			<string>PBXFileReference</string>
			<key>lastKnownFileType</key>
			<string>text.plist.xml</string>
			<key>path</key>
			<string>test client-Info.plist</string>
			<key>sourceTree</key>
			<string>&lt;group&gt;</string>
		</dict>
		<key>7511330217FB1F0800A3DB81</key>
		<dict>
			<key>children</key>
			<array>
				<string>7511330317FB1F0800A3DB81</string>
			</array>
			<key>isa</key>
			<string>PBXVariantGroup</string>
			<key>name</key>
			<string>InfoPlist.strings</string>
			<key>sourceTree</key>
			<string>&lt;group&gt;</string>
		</dict>
		<key>7511330317FB1F0800A3DB81</key>
		<dict>
			<key>isa</key>
			<string>PBXFileReference</string>
			<key>lastKnownFileType</key>
			<string>text.plist.strings</string>
			<key>name</key>
			<string>en</string>
			<key>path</key>
			<string>en.lproj/InfoPlist.strings</string>
			<key>sourceTree</key>
			<string>&lt;group&gt;</string>
		</dict>
		<key>7511330517FB1F0800A3DB81</key>
		<dict>
			<key>isa</key>
			<string>PBXFileReference</string>
			<key>lastKnownFileType</key>
			<string>sourcecode.c.objc</string>
			<key>path</key>
			<string>main.m</string>
			<key>sourceTree</key>
			<string>&lt;group&gt;</string>
		</dict>
		<key>7511330617FB1F0800A3DB81</key>
		<dict>
			<key>fileRef</key>
			<string>7511330517FB1F0800A3DB81</string>
			<key>isa</key>
			<string>PBXBuildFile</string>
		</dict>
		<key>7511330717FB1F0800A3DB81</key>
		<dict>
			<key>isa</key>
			<string>PBXFileReference</string>
			<key>lastKnownFileType</key>
			<string>sourcecode.c.h</string>
			<key>path</key>
			<string>test client-Prefix.pch</string>
			<key>sourceTree</key>
			<string>&lt;group&gt;</string>
		</dict>
		<key>7511330817FB1F0800A3DB81</key>
		<dict>
			<key>isa</key>
			<string>PBXFileReference</string>
			<key>lastKnownFileType</key>
			<string>sourcecode.c.h</string>
			<key>path</key>
			<string>AppDelegate.h</string>
			<key>sourceTree</key>
			<string>&lt;group&gt;</string>
		</dict>
		<key>7511330917FB1F0800A3DB81</key>
		<dict>
			<key>isa</key>
			<string>PBXFileReference</string>
			<key>lastKnownFileType</key>
			<string>sourcecode.c.objc</string>
			<key>path</key>
			<string>AppDelegate.m</string>
			<key>sourceTree</key>
			<string>&lt;group&gt;</string>
		</dict>
		<key>7511330A17FB1F0800A3DB81</key>
		<dict>
			<key>fileRef</key>
			<string>7511330917FB1F0800A3DB81</string>
			<key>isa</key>
			<string>PBXBuildFile</string>
		</dict>
		<key>7511331F17FB1F0800A3DB81</key>
		<dict>
			<key>buildConfigurations</key>
			<array>
				<string>7511332017FB1F0800A3DB81</string>
				<string>7511332117FB1F0800A3DB81</string>
			</array>
			<key>defaultConfigurationIsVisible</key>
			<string>0</string>
			<key>defaultConfigurationName</key>
			<string>Release</string>
			<key>isa</key>
			<string>XCConfigurationList</string>
		</dict>
		<key>7511332017FB1F0800A3DB81</key>
		<dict>
			<key>baseConfigurationReference</key>
			<string>4C5B572BCDCF4F9EBD55ADDD</string>
			<key>buildSettings</key>
			<dict>
				<key>ASSETCATALOG_COMPILER_APPICON_NAME</key>
				<string>AppIcon</string>
				<key>ASSETCATALOG_COMPILER_LAUNCHIMAGE_NAME</key>
				<string>LaunchImage</string>
				<key>CODE_SIGN_IDENTITY[sdk=iphoneos*]</key>
				<string>iPhone Developer</string>
				<key>FRAMEWORK_SEARCH_PATHS</key>
				<array>
					<string>$(inherited)</string>
					<string>$(DEVELOPER_FRAMEWORKS_DIR)</string>
				</array>
				<key>GCC_PRECOMPILE_PREFIX_HEADER</key>
				<string>YES</string>
				<key>GCC_PREFIX_HEADER</key>
				<string>test client/test client-Prefix.pch</string>
				<key>GCC_PREPROCESSOR_DEFINITIONS</key>
				<array>
					<string>DEBUG=1</string>
					<string>$(inherited)</string>
				</array>
				<key>INFOPLIST_FILE</key>
				<string>test client/test client-Info.plist</string>
				<key>LIBRARY_SEARCH_PATHS</key>
				<array>
					<string>$(inherited)</string>
					<string>/Users/marcinkrzyzanowski/Devel/netpgp-xcode/netpgp/Pods/build/Debug-iphoneos</string>
				</array>
				<key>PRODUCT_NAME</key>
				<string>$(TARGET_NAME)</string>
				<key>WRAPPER_EXTENSION</key>
				<string>app</string>
			</dict>
			<key>isa</key>
			<string>XCBuildConfiguration</string>
			<key>name</key>
			<string>Debug</string>
		</dict>
		<key>7511332117FB1F0800A3DB81</key>
		<dict>
			<key>baseConfigurationReference</key>
			<string>4C5B572BCDCF4F9EBD55ADDD</string>
			<key>buildSettings</key>
			<dict>
				<key>ASSETCATALOG_COMPILER_APPICON_NAME</key>
				<string>AppIcon</string>
				<key>ASSETCATALOG_COMPILER_LAUNCHIMAGE_NAME</key>
				<string>LaunchImage</string>
				<key>CODE_SIGN_IDENTITY[sdk=iphoneos*]</key>
				<string>iPhone Developer</string>
				<key>FRAMEWORK_SEARCH_PATHS</key>
				<array>
					<string>$(inherited)</string>
					<string>$(DEVELOPER_FRAMEWORKS_DIR)</string>
				</array>
				<key>GCC_PRECOMPILE_PREFIX_HEADER</key>
				<string>YES</string>
				<key>GCC_PREFIX_HEADER</key>
				<string>test client/test client-Prefix.pch</string>
				<key>INFOPLIST_FILE</key>
				<string>test client/test client-Info.plist</string>
				<key>LIBRARY_SEARCH_PATHS</key>
				<array>
					<string>$(inherited)</string>
					<string>/Users/marcinkrzyzanowski/Devel/netpgp-xcode/netpgp/Pods/build/Debug-iphoneos</string>
				</array>
				<key>PRODUCT_NAME</key>
				<string>$(TARGET_NAME)</string>
				<key>WRAPPER_EXTENSION</key>
				<string>app</string>
			</dict>
			<key>isa</key>
			<string>XCBuildConfiguration</string>
			<key>name</key>
			<string>Release</string>
		</dict>
		<key>7511332617FB1FC400A3DB81</key>
		<dict>
			<key>isa</key>
			<string>PBXFileReference</string>
			<key>lastKnownFileType</key>
			<string>archive.ar</string>
			<key>name</key>
			<string>libPods.a</string>
			<key>path</key>
			<string>Pods/build/Debug-iphoneos/libPods.a</string>
			<key>sourceTree</key>
			<string>&lt;group&gt;</string>
		</dict>
		<key>7511332817FB1FCA00A3DB81</key>
		<dict>
			<key>isa</key>
			<string>PBXFileReference</string>
			<key>lastKnownFileType</key>
			<string>archive.ar</string>
			<key>name</key>
			<string>libPods-OpenSSL.a</string>
			<key>path</key>
			<string>Pods/build/Debug-iphoneos/libPods-OpenSSL.a</string>
			<key>sourceTree</key>
			<string>&lt;group&gt;</string>
		</dict>
		<key>7544904817FB07880047DF5C</key>
		<dict>
			<key>fileEncoding</key>
			<string>4</string>
			<key>isa</key>
			<string>PBXFileReference</string>
			<key>lastKnownFileType</key>
			<string>sourcecode.c.h</string>
			<key>path</key>
			<string>UNNetPGP.h</string>
			<key>sourceTree</key>
			<string>&lt;group&gt;</string>
		</dict>
		<key>7544904917FB07880047DF5C</key>
		<dict>
			<key>fileEncoding</key>
			<string>4</string>
			<key>isa</key>
			<string>PBXFileReference</string>
			<key>lastKnownFileType</key>
			<string>sourcecode.c.objc</string>
			<key>path</key>
			<string>UNNetPGP.m</string>
			<key>sourceTree</key>
			<string>&lt;group&gt;</string>
		</dict>
		<key>7544904A17FB07880047DF5C</key>
		<dict>
			<key>fileRef</key>
			<string>7544904817FB07880047DF5C</string>
			<key>isa</key>
			<string>PBXBuildFile</string>
		</dict>
		<key>7544904B17FB07880047DF5C</key>
		<dict>
			<key>fileRef</key>
			<string>7544904917FB07880047DF5C</string>
			<key>isa</key>
			<string>PBXBuildFile</string>
		</dict>
		<key>755ACF9A17FF1D3800AC419B</key>
		<dict>
			<key>fileEncoding</key>
			<string>4</string>
			<key>isa</key>
			<string>PBXFileReference</string>
			<key>lastKnownFileType</key>
			<string>text</string>
			<key>path</key>
			<string>TODO.txt</string>
			<key>sourceTree</key>
			<string>&lt;group&gt;</string>
		</dict>
		<key>7561881A17FB2006003030EB</key>
		<dict>
			<key>isa</key>
			<string>PBXFileReference</string>
			<key>lastKnownFileType</key>
			<string>compiled.mach-o.dylib</string>
			<key>name</key>
			<string>libbz2.dylib</string>
			<key>path</key>
			<string>usr/lib/libbz2.dylib</string>
			<key>sourceTree</key>
			<string>SDKROOT</string>
		</dict>
		<key>7561881C17FB2011003030EB</key>
		<dict>
			<key>isa</key>
			<string>PBXFileReference</string>
			<key>lastKnownFileType</key>
			<string>compiled.mach-o.dylib</string>
			<key>name</key>
			<string>libz.dylib</string>
			<key>path</key>
			<string>usr/lib/libz.dylib</string>
			<key>sourceTree</key>
			<string>SDKROOT</string>
		</dict>
		<key>75E60B5117F4498900952522</key>
		<dict>
			<key>children</key>
			<array>
				<string>75E60B5F17F4498900952522</string>
				<string>751132FF17FB1F0800A3DB81</string>
				<string>75E60B5C17F4498900952522</string>
				<string>75E60B5B17F4498900952522</string>
				<string>DCF78AD3BF984E3AAC4EC1DB</string>
				<string>4C5B572BCDCF4F9EBD55ADDD</string>
			</array>
			<key>isa</key>
			<string>PBXGroup</string>
			<key>sourceTree</key>
			<string>&lt;group&gt;</string>
		</dict>
		<key>75E60B5217F4498900952522</key>
		<dict>
			<key>attributes</key>
			<dict>
				<key>LastUpgradeCheck</key>
				<string>0500</string>
				<key>ORGANIZATIONNAME</key>
				<string>UP-NEXT</string>
			</dict>
			<key>buildConfigurationList</key>
			<string>75E60B5517F4498900952522</string>
			<key>compatibilityVersion</key>
			<string>Xcode 3.2</string>
			<key>developmentRegion</key>
			<string>English</string>
			<key>hasScannedForEncodings</key>
			<string>0</string>
			<key>isa</key>
			<string>PBXProject</string>
			<key>knownRegions</key>
			<array>
				<string>en</string>
			</array>
			<key>mainGroup</key>
			<string>75E60B5117F4498900952522</string>
			<key>productRefGroup</key>
			<string>75E60B5B17F4498900952522</string>
			<key>projectDirPath</key>
			<string></string>
			<key>projectReferences</key>
			<array/>
			<key>projectRoot</key>
			<string></string>
			<key>targets</key>
			<array>
				<string>75E60B5917F4498900952522</string>
				<string>751132F917FB1F0800A3DB81</string>
			</array>
		</dict>
		<key>75E60B5517F4498900952522</key>
		<dict>
			<key>buildConfigurations</key>
			<array>
				<string>75E60B7B17F4498900952522</string>
				<string>75E60B7C17F4498900952522</string>
			</array>
			<key>defaultConfigurationIsVisible</key>
			<string>0</string>
			<key>defaultConfigurationName</key>
			<string>Release</string>
			<key>isa</key>
			<string>XCConfigurationList</string>
		</dict>
		<key>75E60B5617F4498900952522</key>
		<dict>
			<key>buildActionMask</key>
			<string>2147483647</string>
			<key>files</key>
			<array>
				<string>75E60C2C17F44A0B00952522</string>
				<string>75E60C2717F44A0B00952522</string>
				<string>75E60C2917F44A0B00952522</string>
				<string>75E60C2117F44A0B00952522</string>
				<string>75E60C3217F44A0B00952522</string>
				<string>75E60C2617F44A0B00952522</string>
				<string>75E60C2517F44A0B00952522</string>
				<string>75E60C2E17F44A0B00952522</string>
				<string>75EC4E1E180014BC00D82718</string>
				<string>75E60C2F17F44A0B00952522</string>
				<string>75E60C2B17F44A0B00952522</string>
				<string>75E60C3017F44A0B00952522</string>
				<string>75E60C2217F44A0B00952522</string>
				<string>75E60C2417F44A0B00952522</string>
				<string>75E60C3517F44BAE00952522</string>
				<string>75E60C2A17F44A0B00952522</string>
				<string>75E60C2317F44A0B00952522</string>
				<string>75E60C2817F44A0B00952522</string>
				<string>75E60C3117F44A0B00952522</string>
				<string>75E60C2D17F44A0B00952522</string>
				<string>7544904B17FB07880047DF5C</string>
			</array>
			<key>isa</key>
			<string>PBXSourcesBuildPhase</string>
			<key>runOnlyForDeploymentPostprocessing</key>
			<string>0</string>
		</dict>
		<key>75E60B5717F4498900952522</key>
		<dict>
			<key>buildActionMask</key>
			<string>2147483647</string>
			<key>files</key>
			<array>
				<string>D035A006DF60432984EB4D07</string>
			</array>
			<key>isa</key>
			<string>PBXFrameworksBuildPhase</string>
			<key>runOnlyForDeploymentPostprocessing</key>
			<string>0</string>
		</dict>
		<key>75E60B5817F4498900952522</key>
		<dict>
			<key>buildActionMask</key>
			<string>2147483647</string>
			<key>dstPath</key>
			<string>include/$(PRODUCT_NAME)</string>
			<key>dstSubfolderSpec</key>
			<string>16</string>
			<key>files</key>
			<array/>
			<key>isa</key>
			<string>PBXCopyFilesBuildPhase</string>
			<key>runOnlyForDeploymentPostprocessing</key>
			<string>0</string>
		</dict>
		<key>75E60B5917F4498900952522</key>
		<dict>
			<key>buildConfigurationList</key>
			<string>75E60B7D17F4498900952522</string>
			<key>buildPhases</key>
			<array>
				<string>108171624B04444BB0CCB088</string>
				<string>75E60B5617F4498900952522</string>
				<string>75E60B5717F4498900952522</string>
				<string>75E60B5817F4498900952522</string>
				<string>75E60C3D17F4586500952522</string>
				<string>D10E1B8165514E39921DFAD1</string>
			</array>
			<key>buildRules</key>
			<array/>
			<key>dependencies</key>
			<array/>
			<key>isa</key>
			<string>PBXNativeTarget</string>
			<key>name</key>
			<string>UNNetPGP</string>
			<key>productName</key>
			<string>netpgp</string>
			<key>productReference</key>
			<string>75E60B5A17F4498900952522</string>
			<key>productType</key>
			<string>com.apple.product-type.library.static</string>
		</dict>
		<key>75E60B5A17F4498900952522</key>
		<dict>
			<key>explicitFileType</key>
			<string>archive.ar</string>
			<key>includeInIndex</key>
			<string>0</string>
			<key>isa</key>
			<string>PBXFileReference</string>
			<key>path</key>
			<string>libUNNetPGP.a</string>
			<key>sourceTree</key>
			<string>BUILT_PRODUCTS_DIR</string>
		</dict>
		<key>75E60B5B17F4498900952522</key>
		<dict>
			<key>children</key>
			<array>
				<string>75E60B5A17F4498900952522</string>
				<string>751132FA17FB1F0800A3DB81</string>
			</array>
			<key>isa</key>
			<string>PBXGroup</string>
			<key>name</key>
			<string>Products</string>
			<key>sourceTree</key>
			<string>&lt;group&gt;</string>
		</dict>
		<key>75E60B5C17F4498900952522</key>
		<dict>
			<key>children</key>
			<array>
				<string>7561881C17FB2011003030EB</string>
				<string>7561881A17FB2006003030EB</string>
				<string>7511332817FB1FCA00A3DB81</string>
				<string>7511332617FB1FC400A3DB81</string>
				<string>751132F417FB1ECF00A3DB81</string>
				<string>75E60B5D17F4498900952522</string>
				<string>75E60B6B17F4498900952522</string>
				<string>75E60B6E17F4498900952522</string>
				<string>FE89B52DBAE9412383F2624D</string>
				<string>751132FC17FB1F0800A3DB81</string>
				<string>D818E488AE594B3D88782F79</string>
			</array>
			<key>isa</key>
			<string>PBXGroup</string>
			<key>name</key>
			<string>Frameworks</string>
			<key>sourceTree</key>
			<string>&lt;group&gt;</string>
		</dict>
		<key>75E60B5D17F4498900952522</key>
		<dict>
			<key>isa</key>
			<string>PBXFileReference</string>
			<key>lastKnownFileType</key>
			<string>wrapper.framework</string>
			<key>name</key>
			<string>Foundation.framework</string>
			<key>path</key>
			<string>System/Library/Frameworks/Foundation.framework</string>
			<key>sourceTree</key>
			<string>SDKROOT</string>
		</dict>
		<key>75E60B5F17F4498900952522</key>
		<dict>
			<key>children</key>
			<array>
				<string>75EC4E1A180014BC00D82718</string>
				<string>75E60BE517F44A0B00952522</string>
				<string>75E60B6017F4498900952522</string>
				<string>7544904817FB07880047DF5C</string>
				<string>7544904917FB07880047DF5C</string>
				<string>755ACF9A17FF1D3800AC419B</string>
			</array>
			<key>isa</key>
			<string>PBXGroup</string>
			<key>path</key>
			<string>netpgp</string>
			<key>sourceTree</key>
			<string>&lt;group&gt;</string>
		</dict>
		<key>75E60B6017F4498900952522</key>
		<dict>
			<key>children</key>
			<array/>
			<key>isa</key>
			<string>PBXGroup</string>
			<key>name</key>
			<string>Supporting Files</string>
			<key>sourceTree</key>
			<string>&lt;group&gt;</string>
		</dict>
		<key>75E60B6B17F4498900952522</key>
		<dict>
			<key>isa</key>
			<string>PBXFileReference</string>
			<key>lastKnownFileType</key>
			<string>wrapper.framework</string>
			<key>name</key>
			<string>XCTest.framework</string>
			<key>path</key>
			<string>Library/Frameworks/XCTest.framework</string>
			<key>sourceTree</key>
			<string>DEVELOPER_DIR</string>
		</dict>
		<key>75E60B6E17F4498900952522</key>
		<dict>
			<key>isa</key>
			<string>PBXFileReference</string>
			<key>lastKnownFileType</key>
			<string>wrapper.framework</string>
			<key>name</key>
			<string>UIKit.framework</string>
			<key>path</key>
			<string>Library/Frameworks/UIKit.framework</string>
			<key>sourceTree</key>
			<string>DEVELOPER_DIR</string>
		</dict>
		<key>75E60B7B17F4498900952522</key>
		<dict>
			<key>buildSettings</key>
			<dict>
				<key>ALWAYS_SEARCH_USER_PATHS</key>
				<string>NO</string>
				<key>ARCHS</key>
				<string>$(ARCHS_STANDARD)</string>
				<key>CLANG_CXX_LANGUAGE_STANDARD</key>
				<string>gnu++0x</string>
				<key>CLANG_CXX_LIBRARY</key>
				<string>libc++</string>
				<key>CLANG_ENABLE_MODULES</key>
				<string>YES</string>
				<key>CLANG_ENABLE_OBJC_ARC</key>
				<string>YES</string>
				<key>CLANG_WARN_BOOL_CONVERSION</key>
				<string>YES</string>
				<key>CLANG_WARN_CONSTANT_CONVERSION</key>
				<string>YES</string>
				<key>CLANG_WARN_DIRECT_OBJC_ISA_USAGE</key>
				<string>YES_ERROR</string>
				<key>CLANG_WARN_EMPTY_BODY</key>
				<string>YES</string>
				<key>CLANG_WARN_ENUM_CONVERSION</key>
				<string>YES</string>
				<key>CLANG_WARN_INT_CONVERSION</key>
				<string>YES</string>
				<key>CLANG_WARN_OBJC_ROOT_CLASS</key>
				<string>YES_ERROR</string>
				<key>CLANG_WARN__DUPLICATE_METHOD_MATCH</key>
				<string>YES</string>
				<key>COPY_PHASE_STRIP</key>
				<string>NO</string>
				<key>GCC_C_LANGUAGE_STANDARD</key>
				<string>gnu99</string>
				<key>GCC_DYNAMIC_NO_PIC</key>
				<string>NO</string>
				<key>GCC_OPTIMIZATION_LEVEL</key>
				<string>0</string>
				<key>GCC_PREPROCESSOR_DEFINITIONS</key>
				<array>
					<string>DEBUG=1</string>
					<string>$(inherited)</string>
				</array>
				<key>GCC_SYMBOLS_PRIVATE_EXTERN</key>
				<string>NO</string>
				<key>GCC_WARN_64_TO_32_BIT_CONVERSION</key>
				<string>YES</string>
				<key>GCC_WARN_ABOUT_RETURN_TYPE</key>
				<string>YES_ERROR</string>
				<key>GCC_WARN_UNDECLARED_SELECTOR</key>
				<string>YES</string>
				<key>GCC_WARN_UNINITIALIZED_AUTOS</key>
				<string>YES</string>
				<key>GCC_WARN_UNUSED_FUNCTION</key>
				<string>YES</string>
				<key>GCC_WARN_UNUSED_VARIABLE</key>
				<string>YES</string>
				<key>IPHONEOS_DEPLOYMENT_TARGET</key>
				<string>7.0</string>
				<key>ONLY_ACTIVE_ARCH</key>
				<string>YES</string>
				<key>SDKROOT</key>
				<string>iphoneos</string>
			</dict>
			<key>isa</key>
			<string>XCBuildConfiguration</string>
			<key>name</key>
			<string>Debug</string>
		</dict>
		<key>75E60B7C17F4498900952522</key>
		<dict>
			<key>buildSettings</key>
			<dict>
				<key>ALWAYS_SEARCH_USER_PATHS</key>
				<string>NO</string>
				<key>ARCHS</key>
				<string>$(ARCHS_STANDARD)</string>
				<key>CLANG_CXX_LANGUAGE_STANDARD</key>
				<string>gnu++0x</string>
				<key>CLANG_CXX_LIBRARY</key>
				<string>libc++</string>
				<key>CLANG_ENABLE_MODULES</key>
				<string>YES</string>
				<key>CLANG_ENABLE_OBJC_ARC</key>
				<string>YES</string>
				<key>CLANG_WARN_BOOL_CONVERSION</key>
				<string>YES</string>
				<key>CLANG_WARN_CONSTANT_CONVERSION</key>
				<string>YES</string>
				<key>CLANG_WARN_DIRECT_OBJC_ISA_USAGE</key>
				<string>YES_ERROR</string>
				<key>CLANG_WARN_EMPTY_BODY</key>
				<string>YES</string>
				<key>CLANG_WARN_ENUM_CONVERSION</key>
				<string>YES</string>
				<key>CLANG_WARN_INT_CONVERSION</key>
				<string>YES</string>
				<key>CLANG_WARN_OBJC_ROOT_CLASS</key>
				<string>YES_ERROR</string>
				<key>CLANG_WARN__DUPLICATE_METHOD_MATCH</key>
				<string>YES</string>
				<key>COPY_PHASE_STRIP</key>
				<string>YES</string>
				<key>ENABLE_NS_ASSERTIONS</key>
				<string>NO</string>
				<key>GCC_C_LANGUAGE_STANDARD</key>
				<string>gnu99</string>
				<key>GCC_WARN_64_TO_32_BIT_CONVERSION</key>
				<string>YES</string>
				<key>GCC_WARN_ABOUT_RETURN_TYPE</key>
				<string>YES_ERROR</string>
				<key>GCC_WARN_UNDECLARED_SELECTOR</key>
				<string>YES</string>
				<key>GCC_WARN_UNINITIALIZED_AUTOS</key>
				<string>YES</string>
				<key>GCC_WARN_UNUSED_FUNCTION</key>
				<string>YES</string>
				<key>GCC_WARN_UNUSED_VARIABLE</key>
				<string>YES</string>
				<key>IPHONEOS_DEPLOYMENT_TARGET</key>
				<string>7.0</string>
				<key>SDKROOT</key>
				<string>iphoneos</string>
				<key>VALIDATE_PRODUCT</key>
				<string>YES</string>
			</dict>
			<key>isa</key>
			<string>XCBuildConfiguration</string>
			<key>name</key>
			<string>Release</string>
		</dict>
		<key>75E60B7D17F4498900952522</key>
		<dict>
			<key>buildConfigurations</key>
			<array>
				<string>75E60B7E17F4498900952522</string>
				<string>75E60B7F17F4498900952522</string>
			</array>
			<key>defaultConfigurationIsVisible</key>
			<string>0</string>
			<key>defaultConfigurationName</key>
			<string>Release</string>
			<key>isa</key>
			<string>XCConfigurationList</string>
		</dict>
		<key>75E60B7E17F4498900952522</key>
		<dict>
			<key>baseConfigurationReference</key>
			<string>DCF78AD3BF984E3AAC4EC1DB</string>
			<key>buildSettings</key>
			<dict>
				<key>DSTROOT</key>
				<string>/tmp/netpgp.dst</string>
				<key>GCC_PRECOMPILE_PREFIX_HEADER</key>
				<string>NO</string>
				<key>HEADER_SEARCH_PATHS</key>
				<array>
					<string>$(inherited)</string>
					<string>/Applications/Xcode.app/Contents/Developer/Toolchains/XcodeDefault.xctoolchain/usr/include</string>
					<string>$(TARGET_BUILD_DIR)</string>
				</array>
				<key>PRIVATE_HEADERS_FOLDER_PATH</key>
				<string>/usr/local/include</string>
				<key>PRODUCT_NAME</key>
				<string>UNNetPGP</string>
				<key>PUBLIC_HEADERS_FOLDER_PATH</key>
				<string>/usr/include</string>
				<key>SKIP_INSTALL</key>
				<string>YES</string>
			</dict>
			<key>isa</key>
			<string>XCBuildConfiguration</string>
			<key>name</key>
			<string>Debug</string>
		</dict>
		<key>75E60B7F17F4498900952522</key>
		<dict>
			<key>baseConfigurationReference</key>
			<string>DCF78AD3BF984E3AAC4EC1DB</string>
			<key>buildSettings</key>
			<dict>
				<key>DSTROOT</key>
				<string>/tmp/netpgp.dst</string>
				<key>GCC_PRECOMPILE_PREFIX_HEADER</key>
				<string>NO</string>
				<key>HEADER_SEARCH_PATHS</key>
				<array>
					<string>$(inherited)</string>
					<string>/Applications/Xcode.app/Contents/Developer/Toolchains/XcodeDefault.xctoolchain/usr/include</string>
					<string>$(TARGET_BUILD_DIR)</string>
				</array>
				<key>PRIVATE_HEADERS_FOLDER_PATH</key>
				<string>/usr/local/include</string>
				<key>PRODUCT_NAME</key>
				<string>UNNetPGP</string>
				<key>PUBLIC_HEADERS_FOLDER_PATH</key>
				<string>/usr/include</string>
				<key>SKIP_INSTALL</key>
				<string>YES</string>
			</dict>
			<key>isa</key>
			<string>XCBuildConfiguration</string>
			<key>name</key>
			<string>Release</string>
		</dict>
		<key>75E60BE517F44A0B00952522</key>
		<dict>
			<key>children</key>
			<array>
				<string>75E60C3317F44BAE00952522</string>
				<string>75E60C3417F44BAE00952522</string>
				<string>75E60BF917F44A0B00952522</string>
				<string>75E60BFA17F44A0B00952522</string>
				<string>75E60BFB17F44A0B00952522</string>
				<string>75E60BFC17F44A0B00952522</string>
				<string>75E60BFD17F44A0B00952522</string>
				<string>75E60BFE17F44A0B00952522</string>
				<string>75E60BFF17F44A0B00952522</string>
				<string>75E60C0017F44A0B00952522</string>
				<string>75E60C0117F44A0B00952522</string>
				<string>75E60C0217F44A0B00952522</string>
				<string>75E60C0317F44A0B00952522</string>
				<string>75E60C0417F44A0B00952522</string>
				<string>75E60C0517F44A0B00952522</string>
				<string>75E60C0617F44A0B00952522</string>
				<string>75E60C0717F44A0B00952522</string>
				<string>75E60C0817F44A0B00952522</string>
				<string>75E60C0917F44A0B00952522</string>
				<string>75E60C3A17F44E6200952522</string>
				<string>75E60C0A17F44A0B00952522</string>
				<string>75E60C0B17F44A0B00952522</string>
				<string>75E60C0C17F44A0B00952522</string>
				<string>75E60C0D17F44A0B00952522</string>
				<string>75E60C0E17F44A0B00952522</string>
				<string>75E60C0F17F44A0B00952522</string>
				<string>75E60C1017F44A0B00952522</string>
				<string>75E60C1117F44A0B00952522</string>
				<string>75E60C1217F44A0B00952522</string>
				<string>75E60C1317F44A0B00952522</string>
				<string>75E60C1417F44A0B00952522</string>
				<string>75E60C1517F44A0B00952522</string>
				<string>75E60C1617F44A0B00952522</string>
				<string>75E60C1717F44A0B00952522</string>
				<string>75E60C1817F44A0B00952522</string>
				<string>75E60C1917F44A0B00952522</string>
				<string>75E60C1A17F44A0B00952522</string>
				<string>75E60C1B17F44A0B00952522</string>
				<string>75E60C1C17F44A0B00952522</string>
				<string>75E60C1D17F44A0B00952522</string>
				<string>75E60C1E17F44A0B00952522</string>
				<string>75E60C1F17F44A0B00952522</string>
				<string>75E60C2017F44A0B00952522</string>
			</array>
			<key>isa</key>
			<string>PBXGroup</string>
			<key>path</key>
			<string>lib</string>
			<key>sourceTree</key>
			<string>&lt;group&gt;</string>
		</dict>
		<key>75E60BF917F44A0B00952522</key>
		<dict>
			<key>fileEncoding</key>
			<string>4</string>
			<key>isa</key>
			<string>PBXFileReference</string>
			<key>lastKnownFileType</key>
			<string>sourcecode.c.c</string>
			<key>path</key>
			<string>bufgap.c</string>
			<key>sourceTree</key>
			<string>&lt;group&gt;</string>
		</dict>
		<key>75E60BFA17F44A0B00952522</key>
		<dict>
			<key>fileEncoding</key>
			<string>4</string>
			<key>isa</key>
			<string>PBXFileReference</string>
			<key>lastKnownFileType</key>
			<string>sourcecode.c.h</string>
			<key>path</key>
			<string>bufgap.h</string>
			<key>sourceTree</key>
			<string>&lt;group&gt;</string>
		</dict>
		<key>75E60BFB17F44A0B00952522</key>
		<dict>
			<key>fileEncoding</key>
			<string>4</string>
			<key>isa</key>
			<string>PBXFileReference</string>
			<key>lastKnownFileType</key>
			<string>sourcecode.c.c</string>
			<key>path</key>
			<string>compress.c</string>
			<key>sourceTree</key>
			<string>&lt;group&gt;</string>
		</dict>
		<key>75E60BFC17F44A0B00952522</key>
		<dict>
			<key>fileEncoding</key>
			<string>4</string>
			<key>isa</key>
			<string>PBXFileReference</string>
			<key>lastKnownFileType</key>
			<string>sourcecode.c.h</string>
			<key>path</key>
			<string>config.h</string>
			<key>sourceTree</key>
			<string>&lt;group&gt;</string>
		</dict>
		<key>75E60BFD17F44A0B00952522</key>
		<dict>
			<key>fileEncoding</key>
			<string>4</string>
			<key>isa</key>
			<string>PBXFileReference</string>
			<key>lastKnownFileType</key>
			<string>sourcecode.c.c</string>
			<key>path</key>
			<string>create.c</string>
			<key>sourceTree</key>
			<string>&lt;group&gt;</string>
		</dict>
		<key>75E60BFE17F44A0B00952522</key>
		<dict>
			<key>fileEncoding</key>
			<string>4</string>
			<key>isa</key>
			<string>PBXFileReference</string>
			<key>lastKnownFileType</key>
			<string>sourcecode.c.h</string>
			<key>path</key>
			<string>create.h</string>
			<key>sourceTree</key>
			<string>&lt;group&gt;</string>
		</dict>
		<key>75E60BFF17F44A0B00952522</key>
		<dict>
			<key>fileEncoding</key>
			<string>4</string>
			<key>isa</key>
			<string>PBXFileReference</string>
			<key>lastKnownFileType</key>
			<string>sourcecode.c.c</string>
			<key>path</key>
			<string>crypto.c</string>
			<key>sourceTree</key>
			<string>&lt;group&gt;</string>
		</dict>
		<key>75E60C0017F44A0B00952522</key>
		<dict>
			<key>fileEncoding</key>
			<string>4</string>
			<key>isa</key>
			<string>PBXFileReference</string>
			<key>lastKnownFileType</key>
			<string>sourcecode.c.h</string>
			<key>path</key>
			<string>crypto.h</string>
			<key>sourceTree</key>
			<string>&lt;group&gt;</string>
		</dict>
		<key>75E60C0117F44A0B00952522</key>
		<dict>
			<key>fileEncoding</key>
			<string>4</string>
			<key>isa</key>
			<string>PBXFileReference</string>
			<key>lastKnownFileType</key>
			<string>sourcecode.c.h</string>
			<key>path</key>
			<string>defs.h</string>
			<key>sourceTree</key>
			<string>&lt;group&gt;</string>
		</dict>
		<key>75E60C0217F44A0B00952522</key>
		<dict>
			<key>fileEncoding</key>
			<string>4</string>
			<key>isa</key>
			<string>PBXFileReference</string>
			<key>lastKnownFileType</key>
			<string>sourcecode.c.h</string>
			<key>path</key>
			<string>errors.h</string>
			<key>sourceTree</key>
			<string>&lt;group&gt;</string>
		</dict>
		<key>75E60C0317F44A0B00952522</key>
		<dict>
			<key>fileEncoding</key>
			<string>4</string>
			<key>isa</key>
			<string>PBXFileReference</string>
			<key>lastKnownFileType</key>
			<string>sourcecode.c.c</string>
			<key>path</key>
			<string>fastctype.c</string>
			<key>sourceTree</key>
			<string>&lt;group&gt;</string>
		</dict>
		<key>75E60C0417F44A0B00952522</key>
		<dict>
			<key>fileEncoding</key>
			<string>4</string>
			<key>isa</key>
			<string>PBXFileReference</string>
			<key>lastKnownFileType</key>
			<string>sourcecode.c.h</string>
			<key>path</key>
			<string>fastctype.h</string>
			<key>sourceTree</key>
			<string>&lt;group&gt;</string>
		</dict>
		<key>75E60C0517F44A0B00952522</key>
		<dict>
			<key>fileEncoding</key>
			<string>4</string>
			<key>isa</key>
			<string>PBXFileReference</string>
			<key>lastKnownFileType</key>
			<string>sourcecode.c.c</string>
			<key>path</key>
			<string>keyring.c</string>
			<key>sourceTree</key>
			<string>&lt;group&gt;</string>
		</dict>
		<key>75E60C0617F44A0B00952522</key>
		<dict>
			<key>fileEncoding</key>
			<string>4</string>
			<key>isa</key>
			<string>PBXFileReference</string>
			<key>lastKnownFileType</key>
			<string>sourcecode.c.h</string>
			<key>path</key>
			<string>keyring.h</string>
			<key>sourceTree</key>
			<string>&lt;group&gt;</string>
		</dict>
		<key>75E60C0717F44A0B00952522</key>
		<dict>
			<key>fileEncoding</key>
			<string>4</string>
			<key>isa</key>
			<string>PBXFileReference</string>
			<key>lastKnownFileType</key>
			<string>sourcecode.c.h</string>
			<key>path</key>
			<string>memory.h</string>
			<key>sourceTree</key>
			<string>&lt;group&gt;</string>
		</dict>
		<key>75E60C0817F44A0B00952522</key>
		<dict>
			<key>fileEncoding</key>
			<string>4</string>
			<key>isa</key>
			<string>PBXFileReference</string>
			<key>lastKnownFileType</key>
			<string>sourcecode.c.c</string>
			<key>path</key>
			<string>misc.c</string>
			<key>sourceTree</key>
			<string>&lt;group&gt;</string>
		</dict>
		<key>75E60C0917F44A0B00952522</key>
		<dict>
			<key>fileEncoding</key>
			<string>4</string>
			<key>isa</key>
			<string>PBXFileReference</string>
			<key>lastKnownFileType</key>
			<string>sourcecode.c.c</string>
			<key>path</key>
			<string>netpgp.c</string>
			<key>sourceTree</key>
			<string>&lt;group&gt;</string>
		</dict>
		<key>75E60C0A17F44A0B00952522</key>
		<dict>
			<key>fileEncoding</key>
			<string>4</string>
			<key>isa</key>
			<string>PBXFileReference</string>
			<key>lastKnownFileType</key>
			<string>sourcecode.c.h</string>
			<key>path</key>
			<string>netpgpdefs.h</string>
			<key>sourceTree</key>
			<string>&lt;group&gt;</string>
		</dict>
		<key>75E60C0B17F44A0B00952522</key>
		<dict>
			<key>fileEncoding</key>
			<string>4</string>
			<key>isa</key>
			<string>PBXFileReference</string>
			<key>lastKnownFileType</key>
			<string>sourcecode.c.h</string>
			<key>path</key>
			<string>netpgpdigest.h</string>
			<key>sourceTree</key>
			<string>&lt;group&gt;</string>
		</dict>
		<key>75E60C0C17F44A0B00952522</key>
		<dict>
			<key>fileEncoding</key>
			<string>4</string>
			<key>isa</key>
			<string>PBXFileReference</string>
			<key>lastKnownFileType</key>
			<string>sourcecode.c.h</string>
			<key>path</key>
			<string>netpgpsdk.h</string>
			<key>sourceTree</key>
			<string>&lt;group&gt;</string>
		</dict>
		<key>75E60C0D17F44A0B00952522</key>
		<dict>
			<key>fileEncoding</key>
			<string>4</string>
			<key>isa</key>
			<string>PBXFileReference</string>
			<key>lastKnownFileType</key>
			<string>sourcecode.c.c</string>
			<key>path</key>
			<string>openssl_crypto.c</string>
			<key>sourceTree</key>
			<string>&lt;group&gt;</string>
		</dict>
		<key>75E60C0E17F44A0B00952522</key>
		<dict>
			<key>fileEncoding</key>
			<string>4</string>
			<key>isa</key>
			<string>PBXFileReference</string>
			<key>lastKnownFileType</key>
			<string>sourcecode.c.h</string>
			<key>path</key>
			<string>ops-ssh.h</string>
			<key>sourceTree</key>
			<string>&lt;group&gt;</string>
		</dict>
		<key>75E60C0F17F44A0B00952522</key>
		<dict>
			<key>fileEncoding</key>
			<string>4</string>
			<key>isa</key>
			<string>PBXFileReference</string>
			<key>lastKnownFileType</key>
			<string>sourcecode.c.c</string>
			<key>path</key>
			<string>packet-parse.c</string>
			<key>sourceTree</key>
			<string>&lt;group&gt;</string>
		</dict>
		<key>75E60C1017F44A0B00952522</key>
		<dict>
			<key>fileEncoding</key>
			<string>4</string>
			<key>isa</key>
			<string>PBXFileReference</string>
			<key>lastKnownFileType</key>
			<string>sourcecode.c.h</string>
			<key>path</key>
			<string>packet-parse.h</string>
			<key>sourceTree</key>
			<string>&lt;group&gt;</string>
		</dict>
		<key>75E60C1117F44A0B00952522</key>
		<dict>
			<key>fileEncoding</key>
			<string>4</string>
			<key>isa</key>
			<string>PBXFileReference</string>
			<key>lastKnownFileType</key>
			<string>sourcecode.c.c</string>
			<key>path</key>
			<string>packet-print.c</string>
			<key>sourceTree</key>
			<string>&lt;group&gt;</string>
		</dict>
		<key>75E60C1217F44A0B00952522</key>
		<dict>
			<key>fileEncoding</key>
			<string>4</string>
			<key>isa</key>
			<string>PBXFileReference</string>
			<key>lastKnownFileType</key>
			<string>sourcecode.c.c</string>
			<key>path</key>
			<string>packet-show.c</string>
			<key>sourceTree</key>
			<string>&lt;group&gt;</string>
		</dict>
		<key>75E60C1317F44A0B00952522</key>
		<dict>
			<key>fileEncoding</key>
			<string>4</string>
			<key>isa</key>
			<string>PBXFileReference</string>
			<key>lastKnownFileType</key>
			<string>sourcecode.c.h</string>
			<key>path</key>
			<string>packet-show.h</string>
			<key>sourceTree</key>
			<string>&lt;group&gt;</string>
		</dict>
		<key>75E60C1417F44A0B00952522</key>
		<dict>
			<key>fileEncoding</key>
			<string>4</string>
			<key>isa</key>
			<string>PBXFileReference</string>
			<key>lastKnownFileType</key>
			<string>sourcecode.c.h</string>
			<key>path</key>
			<string>packet.h</string>
			<key>sourceTree</key>
			<string>&lt;group&gt;</string>
		</dict>
		<key>75E60C1517F44A0B00952522</key>
		<dict>
			<key>fileEncoding</key>
			<string>4</string>
			<key>isa</key>
			<string>PBXFileReference</string>
			<key>lastKnownFileType</key>
			<string>sourcecode.c.c</string>
			<key>path</key>
			<string>reader.c</string>
			<key>sourceTree</key>
			<string>&lt;group&gt;</string>
		</dict>
		<key>75E60C1617F44A0B00952522</key>
		<dict>
			<key>fileEncoding</key>
			<string>4</string>
			<key>isa</key>
			<string>PBXFileReference</string>
			<key>lastKnownFileType</key>
			<string>sourcecode.c.h</string>
			<key>path</key>
			<string>readerwriter.h</string>
			<key>sourceTree</key>
			<string>&lt;group&gt;</string>
		</dict>
		<key>75E60C1717F44A0B00952522</key>
		<dict>
			<key>fileEncoding</key>
			<string>4</string>
			<key>isa</key>
			<string>PBXFileReference</string>
			<key>lastKnownFileType</key>
			<string>sourcecode.c.c</string>
			<key>path</key>
			<string>signature.c</string>
			<key>sourceTree</key>
			<string>&lt;group&gt;</string>
		</dict>
		<key>75E60C1817F44A0B00952522</key>
		<dict>
			<key>fileEncoding</key>
			<string>4</string>
			<key>isa</key>
			<string>PBXFileReference</string>
			<key>lastKnownFileType</key>
			<string>sourcecode.c.h</string>
			<key>path</key>
			<string>signature.h</string>
			<key>sourceTree</key>
			<string>&lt;group&gt;</string>
		</dict>
		<key>75E60C1917F44A0B00952522</key>
		<dict>
			<key>fileEncoding</key>
			<string>4</string>
			<key>isa</key>
			<string>PBXFileReference</string>
			<key>lastKnownFileType</key>
			<string>sourcecode.c.c</string>
			<key>path</key>
			<string>ssh2pgp.c</string>
			<key>sourceTree</key>
			<string>&lt;group&gt;</string>
		</dict>
		<key>75E60C1A17F44A0B00952522</key>
		<dict>
			<key>fileEncoding</key>
			<string>4</string>
			<key>isa</key>
			<string>PBXFileReference</string>
			<key>lastKnownFileType</key>
			<string>sourcecode.c.c</string>
			<key>path</key>
			<string>symmetric.c</string>
			<key>sourceTree</key>
			<string>&lt;group&gt;</string>
		</dict>
		<key>75E60C1B17F44A0B00952522</key>
		<dict>
			<key>fileEncoding</key>
			<string>4</string>
			<key>isa</key>
			<string>PBXFileReference</string>
			<key>lastKnownFileType</key>
			<string>sourcecode.c.h</string>
			<key>path</key>
			<string>types.h</string>
			<key>sourceTree</key>
			<string>&lt;group&gt;</string>
		</dict>
		<key>75E60C1C17F44A0B00952522</key>
		<dict>
			<key>fileEncoding</key>
			<string>4</string>
			<key>isa</key>
			<string>PBXFileReference</string>
			<key>lastKnownFileType</key>
			<string>sourcecode.c.c</string>
			<key>path</key>
			<string>validate.c</string>
			<key>sourceTree</key>
			<string>&lt;group&gt;</string>
		</dict>
		<key>75E60C1D17F44A0B00952522</key>
		<dict>
			<key>fileEncoding</key>
			<string>4</string>
			<key>isa</key>
			<string>PBXFileReference</string>
			<key>lastKnownFileType</key>
			<string>sourcecode.c.h</string>
			<key>path</key>
			<string>validate.h</string>
			<key>sourceTree</key>
			<string>&lt;group&gt;</string>
		</dict>
		<key>75E60C1E17F44A0B00952522</key>
		<dict>
			<key>fileEncoding</key>
			<string>4</string>
			<key>isa</key>
			<string>PBXFileReference</string>
			<key>lastKnownFileType</key>
			<string>sourcecode.c.h</string>
			<key>path</key>
			<string>version.h</string>
			<key>sourceTree</key>
			<string>&lt;group&gt;</string>
		</dict>
		<key>75E60C1F17F44A0B00952522</key>
		<dict>
			<key>fileEncoding</key>
			<string>4</string>
			<key>isa</key>
			<string>PBXFileReference</string>
			<key>lastKnownFileType</key>
			<string>sourcecode.c.c</string>
			<key>path</key>
			<string>writer.c</string>
			<key>sourceTree</key>
			<string>&lt;group&gt;</string>
		</dict>
		<key>75E60C2017F44A0B00952522</key>
		<dict>
			<key>fileEncoding</key>
			<string>4</string>
			<key>isa</key>
			<string>PBXFileReference</string>
			<key>lastKnownFileType</key>
			<string>sourcecode.c.h</string>
			<key>path</key>
			<string>writer.h</string>
			<key>sourceTree</key>
			<string>&lt;group&gt;</string>
		</dict>
		<key>75E60C2117F44A0B00952522</key>
		<dict>
			<key>fileRef</key>
			<string>75E60BF917F44A0B00952522</string>
			<key>isa</key>
			<string>PBXBuildFile</string>
		</dict>
		<key>75E60C2217F44A0B00952522</key>
		<dict>
			<key>fileRef</key>
			<string>75E60BFB17F44A0B00952522</string>
			<key>isa</key>
			<string>PBXBuildFile</string>
		</dict>
		<key>75E60C2317F44A0B00952522</key>
		<dict>
			<key>fileRef</key>
			<string>75E60BFD17F44A0B00952522</string>
			<key>isa</key>
			<string>PBXBuildFile</string>
		</dict>
		<key>75E60C2417F44A0B00952522</key>
		<dict>
			<key>fileRef</key>
			<string>75E60BFF17F44A0B00952522</string>
			<key>isa</key>
			<string>PBXBuildFile</string>
		</dict>
		<key>75E60C2517F44A0B00952522</key>
		<dict>
			<key>fileRef</key>
			<string>75E60C0317F44A0B00952522</string>
			<key>isa</key>
			<string>PBXBuildFile</string>
		</dict>
		<key>75E60C2617F44A0B00952522</key>
		<dict>
			<key>fileRef</key>
			<string>75E60C0517F44A0B00952522</string>
			<key>isa</key>
			<string>PBXBuildFile</string>
		</dict>
		<key>75E60C2717F44A0B00952522</key>
		<dict>
			<key>fileRef</key>
			<string>75E60C0817F44A0B00952522</string>
			<key>isa</key>
			<string>PBXBuildFile</string>
		</dict>
		<key>75E60C2817F44A0B00952522</key>
		<dict>
			<key>fileRef</key>
			<string>75E60C0917F44A0B00952522</string>
			<key>isa</key>
			<string>PBXBuildFile</string>
		</dict>
		<key>75E60C2917F44A0B00952522</key>
		<dict>
			<key>fileRef</key>
			<string>75E60C0D17F44A0B00952522</string>
			<key>isa</key>
			<string>PBXBuildFile</string>
		</dict>
		<key>75E60C2A17F44A0B00952522</key>
		<dict>
			<key>fileRef</key>
			<string>75E60C0F17F44A0B00952522</string>
			<key>isa</key>
			<string>PBXBuildFile</string>
		</dict>
		<key>75E60C2B17F44A0B00952522</key>
		<dict>
			<key>fileRef</key>
			<string>75E60C1117F44A0B00952522</string>
			<key>isa</key>
			<string>PBXBuildFile</string>
		</dict>
		<key>75E60C2C17F44A0B00952522</key>
		<dict>
			<key>fileRef</key>
			<string>75E60C1217F44A0B00952522</string>
			<key>isa</key>
			<string>PBXBuildFile</string>
		</dict>
		<key>75E60C2D17F44A0B00952522</key>
		<dict>
			<key>fileRef</key>
			<string>75E60C1517F44A0B00952522</string>
			<key>isa</key>
			<string>PBXBuildFile</string>
		</dict>
		<key>75E60C2E17F44A0B00952522</key>
		<dict>
			<key>fileRef</key>
			<string>75E60C1717F44A0B00952522</string>
			<key>isa</key>
			<string>PBXBuildFile</string>
		</dict>
		<key>75E60C2F17F44A0B00952522</key>
		<dict>
			<key>fileRef</key>
			<string>75E60C1917F44A0B00952522</string>
			<key>isa</key>
			<string>PBXBuildFile</string>
		</dict>
		<key>75E60C3017F44A0B00952522</key>
		<dict>
			<key>fileRef</key>
			<string>75E60C1A17F44A0B00952522</string>
			<key>isa</key>
			<string>PBXBuildFile</string>
		</dict>
		<key>75E60C3117F44A0B00952522</key>
		<dict>
			<key>fileRef</key>
			<string>75E60C1C17F44A0B00952522</string>
			<key>isa</key>
			<string>PBXBuildFile</string>
		</dict>
		<key>75E60C3217F44A0B00952522</key>
		<dict>
			<key>fileRef</key>
			<string>75E60C1F17F44A0B00952522</string>
			<key>isa</key>
			<string>PBXBuildFile</string>
		</dict>
		<key>75E60C3317F44BAE00952522</key>
		<dict>
			<key>fileEncoding</key>
			<string>4</string>
			<key>isa</key>
			<string>PBXFileReference</string>
			<key>lastKnownFileType</key>
			<string>sourcecode.c.c</string>
			<key>path</key>
			<string>mj.c</string>
			<key>sourceTree</key>
			<string>&lt;group&gt;</string>
		</dict>
		<key>75E60C3417F44BAE00952522</key>
		<dict>
			<key>fileEncoding</key>
			<string>4</string>
			<key>isa</key>
			<string>PBXFileReference</string>
			<key>lastKnownFileType</key>
			<string>sourcecode.c.h</string>
			<key>path</key>
			<string>mj.h</string>
			<key>sourceTree</key>
			<string>&lt;group&gt;</string>
		</dict>
		<key>75E60C3517F44BAE00952522</key>
		<dict>
			<key>fileRef</key>
			<string>75E60C3317F44BAE00952522</string>
			<key>isa</key>
			<string>PBXBuildFile</string>
		</dict>
		<key>75E60C3A17F44E6200952522</key>
		<dict>
			<key>fileEncoding</key>
			<string>4</string>
			<key>isa</key>
			<string>PBXFileReference</string>
			<key>lastKnownFileType</key>
			<string>sourcecode.c.h</string>
			<key>path</key>
			<string>netpgp.h</string>
			<key>sourceTree</key>
			<string>&lt;group&gt;</string>
		</dict>
		<key>75E60C3D17F4586500952522</key>
		<dict>
			<key>buildActionMask</key>
			<string>2147483647</string>
			<key>files</key>
			<array>
				<string>75EC4E1F180014BC00D82718</string>
				<string>75E60C3E17F4586C00952522</string>
				<string>7544904A17FB07880047DF5C</string>
			</array>
			<key>isa</key>
			<string>PBXHeadersBuildPhase</string>
			<key>runOnlyForDeploymentPostprocessing</key>
			<string>0</string>
		</dict>
		<key>75E60C3E17F4586C00952522</key>
		<dict>
			<key>fileRef</key>
			<string>75E60C3A17F44E6200952522</string>
			<key>isa</key>
			<string>PBXBuildFile</string>
			<key>settings</key>
			<dict>
				<key>ATTRIBUTES</key>
				<array>
					<string>Public</string>
				</array>
			</dict>
		</dict>
		<key>75EC4E1A180014BC00D82718</key>
		<dict>
			<key>children</key>
			<array>
				<string>75EC4E1B180014BC00D82718</string>
				<string>75EC4E1C180014BC00D82718</string>
			</array>
			<key>isa</key>
			<string>PBXGroup</string>
			<key>path</key>
			<string>fmemopen</string>
			<key>sourceTree</key>
			<string>&lt;group&gt;</string>
		</dict>
		<key>75EC4E1B180014BC00D82718</key>
		<dict>
			<key>fileEncoding</key>
			<string>4</string>
			<key>isa</key>
			<string>PBXFileReference</string>
			<key>lastKnownFileType</key>
			<string>sourcecode.c.c</string>
			<key>path</key>
			<string>fmemopen.c</string>
			<key>sourceTree</key>
			<string>&lt;group&gt;</string>
		</dict>
		<key>75EC4E1C180014BC00D82718</key>
		<dict>
			<key>fileEncoding</key>
			<string>4</string>
			<key>isa</key>
			<string>PBXFileReference</string>
			<key>lastKnownFileType</key>
			<string>sourcecode.c.h</string>
			<key>path</key>
			<string>fmemopen.h</string>
			<key>sourceTree</key>
			<string>&lt;group&gt;</string>
		</dict>
		<key>75EC4E1E180014BC00D82718</key>
		<dict>
			<key>fileRef</key>
			<string>75EC4E1B180014BC00D82718</string>
			<key>isa</key>
			<string>PBXBuildFile</string>
		</dict>
		<key>75EC4E1F180014BC00D82718</key>
		<dict>
			<key>fileRef</key>
			<string>75EC4E1C180014BC00D82718</string>
			<key>isa</key>
			<string>PBXBuildFile</string>
		</dict>
		<key>C9820ECC92C749A8AE7A98ED</key>
		<dict>
			<key>buildActionMask</key>
			<string>2147483647</string>
			<key>files</key>
			<array/>
			<key>inputPaths</key>
			<array/>
			<key>isa</key>
			<string>PBXShellScriptBuildPhase</string>
			<key>name</key>
			<string>Copy Pods Resources</string>
			<key>outputPaths</key>
			<array/>
			<key>runOnlyForDeploymentPostprocessing</key>
			<string>0</string>
			<key>shellPath</key>
			<string>/bin/sh</string>
			<key>shellScript</key>
			<string>"${SRCROOT}/Pods/Pods-test client-resources.sh"
</string>
			<key>showEnvVarsInLog</key>
			<string>0</string>
		</dict>
		<key>D035A006DF60432984EB4D07</key>
		<dict>
			<key>fileRef</key>
			<string>FE89B52DBAE9412383F2624D</string>
			<key>isa</key>
			<string>PBXBuildFile</string>
		</dict>
		<key>D10E1B8165514E39921DFAD1</key>
		<dict>
			<key>buildActionMask</key>
			<string>2147483647</string>
			<key>files</key>
			<array/>
			<key>inputPaths</key>
			<array/>
			<key>isa</key>
			<string>PBXShellScriptBuildPhase</string>
			<key>name</key>
			<string>Copy Pods Resources</string>
			<key>outputPaths</key>
			<array/>
			<key>runOnlyForDeploymentPostprocessing</key>
			<string>0</string>
			<key>shellPath</key>
			<string>/bin/sh</string>
			<key>shellScript</key>
			<string>"${SRCROOT}/Pods/Pods-resources.sh"
</string>
			<key>showEnvVarsInLog</key>
			<string>0</string>
		</dict>
		<key>D818E488AE594B3D88782F79</key>
		<dict>
			<key>explicitFileType</key>
			<string>archive.ar</string>
			<key>includeInIndex</key>
			<string>0</string>
			<key>isa</key>
			<string>PBXFileReference</string>
			<key>path</key>
			<string>libPods-test client.a</string>
			<key>sourceTree</key>
			<string>BUILT_PRODUCTS_DIR</string>
		</dict>
		<key>DCF78AD3BF984E3AAC4EC1DB</key>
		<dict>
			<key>includeInIndex</key>
			<string>1</string>
			<key>isa</key>
			<string>PBXFileReference</string>
			<key>lastKnownFileType</key>
			<string>text.xcconfig</string>
			<key>name</key>
			<string>Pods.xcconfig</string>
			<key>path</key>
			<string>Pods/Pods.xcconfig</string>
			<key>sourceTree</key>
			<string>&lt;group&gt;</string>
		</dict>
		<key>FE89B52DBAE9412383F2624D</key>
		<dict>
			<key>explicitFileType</key>
			<string>archive.ar</string>
			<key>includeInIndex</key>
			<string>0</string>
			<key>isa</key>
			<string>PBXFileReference</string>
			<key>path</key>
			<string>libPods.a</string>
			<key>sourceTree</key>
			<string>BUILT_PRODUCTS_DIR</string>
		</dict>
	</dict>
	<key>rootObject</key>
	<string>75E60B5217F4498900952522</string>
</dict>
</plist>
