// !$*UTF8*$!
{
	archiveVersion = 1;
	classes = {
	};
	objectVersion = 46;
	objects = {

/* Begin PBXBuildFile section */
		751132FB17FB1F0800A3DB81 /* Foundation.framework in Frameworks */ = {isa = PBXBuildFile; fileRef = 75E60B5D17F4498900952522 /* Foundation.framework */; };
		751132FD17FB1F0800A3DB81 /* CoreGraphics.framework in Frameworks */ = {isa = PBXBuildFile; fileRef = 751132FC17FB1F0800A3DB81 /* CoreGraphics.framework */; };
		751132FE17FB1F0800A3DB81 /* UIKit.framework in Frameworks */ = {isa = PBXBuildFile; fileRef = 75E60B6E17F4498900952522 /* UIKit.framework */; };
		7511330417FB1F0800A3DB81 /* InfoPlist.strings in Resources */ = {isa = PBXBuildFile; fileRef = 7511330217FB1F0800A3DB81 /* InfoPlist.strings */; };
		7511330617FB1F0800A3DB81 /* main.m in Sources */ = {isa = PBXBuildFile; fileRef = 7511330517FB1F0800A3DB81 /* main.m */; };
		7511330A17FB1F0800A3DB81 /* AppDelegate.m in Sources */ = {isa = PBXBuildFile; fileRef = 7511330917FB1F0800A3DB81 /* AppDelegate.m */; };
		7511330C17FB1F0800A3DB81 /* Images.xcassets in Resources */ = {isa = PBXBuildFile; fileRef = 7511330B17FB1F0800A3DB81 /* Images.xcassets */; };
		7511332517FB1FB200A3DB81 /* libUNNetPGP.a in Frameworks */ = {isa = PBXBuildFile; fileRef = 75E60B5A17F4498900952522 /* libUNNetPGP.a */; };
		7511332717FB1FC400A3DB81 /* libPods.a in Frameworks */ = {isa = PBXBuildFile; fileRef = 7511332617FB1FC400A3DB81 /* libPods.a */; };
		7511332917FB1FCA00A3DB81 /* libPods-OpenSSL.a in Frameworks */ = {isa = PBXBuildFile; fileRef = 7511332817FB1FCA00A3DB81 /* libPods-OpenSSL.a */; };
		7544904A17FB07880047DF5C /* UNNetPGP.h in Headers */ = {isa = PBXBuildFile; fileRef = 7544904817FB07880047DF5C /* UNNetPGP.h */; };
		7544904B17FB07880047DF5C /* UNNetPGP.m in Sources */ = {isa = PBXBuildFile; fileRef = 7544904917FB07880047DF5C /* UNNetPGP.m */; };
		7561881B17FB2006003030EB /* libbz2.dylib in Frameworks */ = {isa = PBXBuildFile; fileRef = 7561881A17FB2006003030EB /* libbz2.dylib */; };
		7561881D17FB2011003030EB /* libz.dylib in Frameworks */ = {isa = PBXBuildFile; fileRef = 7561881C17FB2011003030EB /* libz.dylib */; };
		75E60C2117F44A0B00952522 /* bufgap.c in Sources */ = {isa = PBXBuildFile; fileRef = 75E60BF917F44A0B00952522 /* bufgap.c */; };
		75E60C2217F44A0B00952522 /* compress.c in Sources */ = {isa = PBXBuildFile; fileRef = 75E60BFB17F44A0B00952522 /* compress.c */; };
		75E60C2317F44A0B00952522 /* create.c in Sources */ = {isa = PBXBuildFile; fileRef = 75E60BFD17F44A0B00952522 /* create.c */; };
		75E60C2417F44A0B00952522 /* crypto.c in Sources */ = {isa = PBXBuildFile; fileRef = 75E60BFF17F44A0B00952522 /* crypto.c */; };
		75E60C2517F44A0B00952522 /* fastctype.c in Sources */ = {isa = PBXBuildFile; fileRef = 75E60C0317F44A0B00952522 /* fastctype.c */; };
		75E60C2617F44A0B00952522 /* keyring.c in Sources */ = {isa = PBXBuildFile; fileRef = 75E60C0517F44A0B00952522 /* keyring.c */; };
		75E60C2717F44A0B00952522 /* misc.c in Sources */ = {isa = PBXBuildFile; fileRef = 75E60C0817F44A0B00952522 /* misc.c */; };
		75E60C2817F44A0B00952522 /* netpgp.c in Sources */ = {isa = PBXBuildFile; fileRef = 75E60C0917F44A0B00952522 /* netpgp.c */; };
		75E60C2917F44A0B00952522 /* openssl_crypto.c in Sources */ = {isa = PBXBuildFile; fileRef = 75E60C0D17F44A0B00952522 /* openssl_crypto.c */; };
		75E60C2A17F44A0B00952522 /* packet-parse.c in Sources */ = {isa = PBXBuildFile; fileRef = 75E60C0F17F44A0B00952522 /* packet-parse.c */; };
		75E60C2B17F44A0B00952522 /* packet-print.c in Sources */ = {isa = PBXBuildFile; fileRef = 75E60C1117F44A0B00952522 /* packet-print.c */; };
		75E60C2C17F44A0B00952522 /* packet-show.c in Sources */ = {isa = PBXBuildFile; fileRef = 75E60C1217F44A0B00952522 /* packet-show.c */; };
		75E60C2D17F44A0B00952522 /* reader.c in Sources */ = {isa = PBXBuildFile; fileRef = 75E60C1517F44A0B00952522 /* reader.c */; };
		75E60C2E17F44A0B00952522 /* signature.c in Sources */ = {isa = PBXBuildFile; fileRef = 75E60C1717F44A0B00952522 /* signature.c */; };
		75E60C2F17F44A0B00952522 /* ssh2pgp.c in Sources */ = {isa = PBXBuildFile; fileRef = 75E60C1917F44A0B00952522 /* ssh2pgp.c */; };
		75E60C3017F44A0B00952522 /* symmetric.c in Sources */ = {isa = PBXBuildFile; fileRef = 75E60C1A17F44A0B00952522 /* symmetric.c */; };
		75E60C3117F44A0B00952522 /* validate.c in Sources */ = {isa = PBXBuildFile; fileRef = 75E60C1C17F44A0B00952522 /* validate.c */; };
		75E60C3217F44A0B00952522 /* writer.c in Sources */ = {isa = PBXBuildFile; fileRef = 75E60C1F17F44A0B00952522 /* writer.c */; };
		75E60C3517F44BAE00952522 /* mj.c in Sources */ = {isa = PBXBuildFile; fileRef = 75E60C3317F44BAE00952522 /* mj.c */; };
		75E60C3E17F4586C00952522 /* netpgp.h in Headers */ = {isa = PBXBuildFile; fileRef = 75E60C3A17F44E6200952522 /* netpgp.h */; settings = {ATTRIBUTES = (Public, ); }; };
		75EC4E1E180014BC00D82718 /* fmemopen.c in Sources */ = {isa = PBXBuildFile; fileRef = 75EC4E1B180014BC00D82718 /* fmemopen.c */; };
		75EC4E1F180014BC00D82718 /* fmemopen.h in Headers */ = {isa = PBXBuildFile; fileRef = 75EC4E1C180014BC00D82718 /* fmemopen.h */; };
		D035A006DF60432984EB4D07 /* libPods.a in Frameworks */ = {isa = PBXBuildFile; fileRef = FE89B52DBAE9412383F2624D /* libPods.a */; };
/* End PBXBuildFile section */

/* Begin PBXCopyFilesBuildPhase section */
		75E60B5817F4498900952522 /* CopyFiles */ = {
			isa = PBXCopyFilesBuildPhase;
			buildActionMask = 2147483647;
			dstPath = "include/$(PRODUCT_NAME)";
			dstSubfolderSpec = 16;
			files = (
			);
			runOnlyForDeploymentPostprocessing = 0;
		};
/* End PBXCopyFilesBuildPhase section */

/* Begin PBXFileReference section */
		751132F417FB1ECF00A3DB81 /* libPods.a */ = {isa = PBXFileReference; lastKnownFileType = archive.ar; name = libPods.a; path = "Pods/build/Debug-iphoneos/libPods.a"; sourceTree = "<group>"; };
		751132FA17FB1F0800A3DB81 /* test client.app */ = {isa = PBXFileReference; explicitFileType = wrapper.application; includeInIndex = 0; path = "test client.app"; sourceTree = BUILT_PRODUCTS_DIR; };
		751132FC17FB1F0800A3DB81 /* CoreGraphics.framework */ = {isa = PBXFileReference; lastKnownFileType = wrapper.framework; name = CoreGraphics.framework; path = System/Library/Frameworks/CoreGraphics.framework; sourceTree = SDKROOT; };
		7511330117FB1F0800A3DB81 /* test client-Info.plist */ = {isa = PBXFileReference; lastKnownFileType = text.plist.xml; path = "test client-Info.plist"; sourceTree = "<group>"; };
		7511330317FB1F0800A3DB81 /* en */ = {isa = PBXFileReference; lastKnownFileType = text.plist.strings; name = en; path = en.lproj/InfoPlist.strings; sourceTree = "<group>"; };
		7511330517FB1F0800A3DB81 /* main.m */ = {isa = PBXFileReference; lastKnownFileType = sourcecode.c.objc; path = main.m; sourceTree = "<group>"; };
		7511330717FB1F0800A3DB81 /* test client-Prefix.pch */ = {isa = PBXFileReference; lastKnownFileType = sourcecode.c.h; path = "test client-Prefix.pch"; sourceTree = "<group>"; };
		7511330817FB1F0800A3DB81 /* AppDelegate.h */ = {isa = PBXFileReference; lastKnownFileType = sourcecode.c.h; path = AppDelegate.h; sourceTree = "<group>"; };
		7511330917FB1F0800A3DB81 /* AppDelegate.m */ = {isa = PBXFileReference; lastKnownFileType = sourcecode.c.objc; path = AppDelegate.m; sourceTree = "<group>"; };
		7511330B17FB1F0800A3DB81 /* Images.xcassets */ = {isa = PBXFileReference; lastKnownFileType = folder.assetcatalog; path = Images.xcassets; sourceTree = "<group>"; };
		7511332617FB1FC400A3DB81 /* libPods.a */ = {isa = PBXFileReference; lastKnownFileType = archive.ar; name = libPods.a; path = "Pods/build/Debug-iphoneos/libPods.a"; sourceTree = "<group>"; };
		7511332817FB1FCA00A3DB81 /* libPods-OpenSSL.a */ = {isa = PBXFileReference; lastKnownFileType = archive.ar; name = "libPods-OpenSSL.a"; path = "Pods/build/Debug-iphoneos/libPods-OpenSSL.a"; sourceTree = "<group>"; };
		7544904817FB07880047DF5C /* UNNetPGP.h */ = {isa = PBXFileReference; fileEncoding = 4; lastKnownFileType = sourcecode.c.h; path = UNNetPGP.h; sourceTree = "<group>"; };
		7544904917FB07880047DF5C /* UNNetPGP.m */ = {isa = PBXFileReference; fileEncoding = 4; lastKnownFileType = sourcecode.c.objc; path = UNNetPGP.m; sourceTree = "<group>"; };
		755ACF9A17FF1D3800AC419B /* TODO.txt */ = {isa = PBXFileReference; fileEncoding = 4; lastKnownFileType = text; path = TODO.txt; sourceTree = "<group>"; };
		7561881A17FB2006003030EB /* libbz2.dylib */ = {isa = PBXFileReference; lastKnownFileType = "compiled.mach-o.dylib"; name = libbz2.dylib; path = usr/lib/libbz2.dylib; sourceTree = SDKROOT; };
		7561881C17FB2011003030EB /* libz.dylib */ = {isa = PBXFileReference; lastKnownFileType = "compiled.mach-o.dylib"; name = libz.dylib; path = usr/lib/libz.dylib; sourceTree = SDKROOT; };
		75E60B5A17F4498900952522 /* libUNNetPGP.a */ = {isa = PBXFileReference; explicitFileType = archive.ar; includeInIndex = 0; path = libUNNetPGP.a; sourceTree = BUILT_PRODUCTS_DIR; };
		75E60B5D17F4498900952522 /* Foundation.framework */ = {isa = PBXFileReference; lastKnownFileType = wrapper.framework; name = Foundation.framework; path = System/Library/Frameworks/Foundation.framework; sourceTree = SDKROOT; };
		75E60B6B17F4498900952522 /* XCTest.framework */ = {isa = PBXFileReference; lastKnownFileType = wrapper.framework; name = XCTest.framework; path = Library/Frameworks/XCTest.framework; sourceTree = DEVELOPER_DIR; };
		75E60B6E17F4498900952522 /* UIKit.framework */ = {isa = PBXFileReference; lastKnownFileType = wrapper.framework; name = UIKit.framework; path = Library/Frameworks/UIKit.framework; sourceTree = DEVELOPER_DIR; };
		75E60BF917F44A0B00952522 /* bufgap.c */ = {isa = PBXFileReference; fileEncoding = 4; lastKnownFileType = sourcecode.c.c; path = bufgap.c; sourceTree = "<group>"; };
		75E60BFA17F44A0B00952522 /* bufgap.h */ = {isa = PBXFileReference; fileEncoding = 4; lastKnownFileType = sourcecode.c.h; path = bufgap.h; sourceTree = "<group>"; };
		75E60BFB17F44A0B00952522 /* compress.c */ = {isa = PBXFileReference; fileEncoding = 4; lastKnownFileType = sourcecode.c.c; path = compress.c; sourceTree = "<group>"; };
		75E60BFC17F44A0B00952522 /* config.h */ = {isa = PBXFileReference; fileEncoding = 4; lastKnownFileType = sourcecode.c.h; path = config.h; sourceTree = "<group>"; };
		75E60BFD17F44A0B00952522 /* create.c */ = {isa = PBXFileReference; fileEncoding = 4; lastKnownFileType = sourcecode.c.c; path = create.c; sourceTree = "<group>"; };
		75E60BFE17F44A0B00952522 /* create.h */ = {isa = PBXFileReference; fileEncoding = 4; lastKnownFileType = sourcecode.c.h; path = create.h; sourceTree = "<group>"; };
		75E60BFF17F44A0B00952522 /* crypto.c */ = {isa = PBXFileReference; fileEncoding = 4; lastKnownFileType = sourcecode.c.c; path = crypto.c; sourceTree = "<group>"; };
		75E60C0017F44A0B00952522 /* crypto.h */ = {isa = PBXFileReference; fileEncoding = 4; lastKnownFileType = sourcecode.c.h; path = crypto.h; sourceTree = "<group>"; };
		75E60C0117F44A0B00952522 /* defs.h */ = {isa = PBXFileReference; fileEncoding = 4; lastKnownFileType = sourcecode.c.h; path = defs.h; sourceTree = "<group>"; };
		75E60C0217F44A0B00952522 /* errors.h */ = {isa = PBXFileReference; fileEncoding = 4; lastKnownFileType = sourcecode.c.h; path = errors.h; sourceTree = "<group>"; };
		75E60C0317F44A0B00952522 /* fastctype.c */ = {isa = PBXFileReference; fileEncoding = 4; lastKnownFileType = sourcecode.c.c; path = fastctype.c; sourceTree = "<group>"; };
		75E60C0417F44A0B00952522 /* fastctype.h */ = {isa = PBXFileReference; fileEncoding = 4; lastKnownFileType = sourcecode.c.h; path = fastctype.h; sourceTree = "<group>"; };
		75E60C0517F44A0B00952522 /* keyring.c */ = {isa = PBXFileReference; fileEncoding = 4; lastKnownFileType = sourcecode.c.c; path = keyring.c; sourceTree = "<group>"; };
		75E60C0617F44A0B00952522 /* keyring.h */ = {isa = PBXFileReference; fileEncoding = 4; lastKnownFileType = sourcecode.c.h; path = keyring.h; sourceTree = "<group>"; };
		75E60C0717F44A0B00952522 /* memory.h */ = {isa = PBXFileReference; fileEncoding = 4; lastKnownFileType = sourcecode.c.h; path = memory.h; sourceTree = "<group>"; };
		75E60C0817F44A0B00952522 /* misc.c */ = {isa = PBXFileReference; fileEncoding = 4; lastKnownFileType = sourcecode.c.c; path = misc.c; sourceTree = "<group>"; };
		75E60C0917F44A0B00952522 /* netpgp.c */ = {isa = PBXFileReference; fileEncoding = 4; lastKnownFileType = sourcecode.c.c; path = netpgp.c; sourceTree = "<group>"; };
		75E60C0A17F44A0B00952522 /* netpgpdefs.h */ = {isa = PBXFileReference; fileEncoding = 4; lastKnownFileType = sourcecode.c.h; path = netpgpdefs.h; sourceTree = "<group>"; };
		75E60C0B17F44A0B00952522 /* netpgpdigest.h */ = {isa = PBXFileReference; fileEncoding = 4; lastKnownFileType = sourcecode.c.h; path = netpgpdigest.h; sourceTree = "<group>"; };
		75E60C0C17F44A0B00952522 /* netpgpsdk.h */ = {isa = PBXFileReference; fileEncoding = 4; lastKnownFileType = sourcecode.c.h; path = netpgpsdk.h; sourceTree = "<group>"; };
		75E60C0D17F44A0B00952522 /* openssl_crypto.c */ = {isa = PBXFileReference; fileEncoding = 4; lastKnownFileType = sourcecode.c.c; path = openssl_crypto.c; sourceTree = "<group>"; };
		75E60C0E17F44A0B00952522 /* ops-ssh.h */ = {isa = PBXFileReference; fileEncoding = 4; lastKnownFileType = sourcecode.c.h; path = "ops-ssh.h"; sourceTree = "<group>"; };
		75E60C0F17F44A0B00952522 /* packet-parse.c */ = {isa = PBXFileReference; fileEncoding = 4; lastKnownFileType = sourcecode.c.c; path = "packet-parse.c"; sourceTree = "<group>"; };
		75E60C1017F44A0B00952522 /* packet-parse.h */ = {isa = PBXFileReference; fileEncoding = 4; lastKnownFileType = sourcecode.c.h; path = "packet-parse.h"; sourceTree = "<group>"; };
		75E60C1117F44A0B00952522 /* packet-print.c */ = {isa = PBXFileReference; fileEncoding = 4; lastKnownFileType = sourcecode.c.c; path = "packet-print.c"; sourceTree = "<group>"; };
		75E60C1217F44A0B00952522 /* packet-show.c */ = {isa = PBXFileReference; fileEncoding = 4; lastKnownFileType = sourcecode.c.c; path = "packet-show.c"; sourceTree = "<group>"; };
		75E60C1317F44A0B00952522 /* packet-show.h */ = {isa = PBXFileReference; fileEncoding = 4; lastKnownFileType = sourcecode.c.h; path = "packet-show.h"; sourceTree = "<group>"; };
		75E60C1417F44A0B00952522 /* packet.h */ = {isa = PBXFileReference; fileEncoding = 4; lastKnownFileType = sourcecode.c.h; path = packet.h; sourceTree = "<group>"; };
		75E60C1517F44A0B00952522 /* reader.c */ = {isa = PBXFileReference; fileEncoding = 4; lastKnownFileType = sourcecode.c.c; path = reader.c; sourceTree = "<group>"; };
		75E60C1617F44A0B00952522 /* readerwriter.h */ = {isa = PBXFileReference; fileEncoding = 4; lastKnownFileType = sourcecode.c.h; path = readerwriter.h; sourceTree = "<group>"; };
		75E60C1717F44A0B00952522 /* signature.c */ = {isa = PBXFileReference; fileEncoding = 4; lastKnownFileType = sourcecode.c.c; path = signature.c; sourceTree = "<group>"; };
		75E60C1817F44A0B00952522 /* signature.h */ = {isa = PBXFileReference; fileEncoding = 4; lastKnownFileType = sourcecode.c.h; path = signature.h; sourceTree = "<group>"; };
		75E60C1917F44A0B00952522 /* ssh2pgp.c */ = {isa = PBXFileReference; fileEncoding = 4; lastKnownFileType = sourcecode.c.c; path = ssh2pgp.c; sourceTree = "<group>"; };
		75E60C1A17F44A0B00952522 /* symmetric.c */ = {isa = PBXFileReference; fileEncoding = 4; lastKnownFileType = sourcecode.c.c; path = symmetric.c; sourceTree = "<group>"; };
		75E60C1B17F44A0B00952522 /* types.h */ = {isa = PBXFileReference; fileEncoding = 4; lastKnownFileType = sourcecode.c.h; path = types.h; sourceTree = "<group>"; };
		75E60C1C17F44A0B00952522 /* validate.c */ = {isa = PBXFileReference; fileEncoding = 4; lastKnownFileType = sourcecode.c.c; path = validate.c; sourceTree = "<group>"; };
		75E60C1D17F44A0B00952522 /* validate.h */ = {isa = PBXFileReference; fileEncoding = 4; lastKnownFileType = sourcecode.c.h; path = validate.h; sourceTree = "<group>"; };
		75E60C1E17F44A0B00952522 /* version.h */ = {isa = PBXFileReference; fileEncoding = 4; lastKnownFileType = sourcecode.c.h; path = version.h; sourceTree = "<group>"; };
		75E60C1F17F44A0B00952522 /* writer.c */ = {isa = PBXFileReference; fileEncoding = 4; lastKnownFileType = sourcecode.c.c; path = writer.c; sourceTree = "<group>"; };
		75E60C2017F44A0B00952522 /* writer.h */ = {isa = PBXFileReference; fileEncoding = 4; lastKnownFileType = sourcecode.c.h; path = writer.h; sourceTree = "<group>"; };
		75E60C3317F44BAE00952522 /* mj.c */ = {isa = PBXFileReference; fileEncoding = 4; lastKnownFileType = sourcecode.c.c; path = mj.c; sourceTree = "<group>"; };
		75E60C3417F44BAE00952522 /* mj.h */ = {isa = PBXFileReference; fileEncoding = 4; lastKnownFileType = sourcecode.c.h; path = mj.h; sourceTree = "<group>"; };
		75E60C3A17F44E6200952522 /* netpgp.h */ = {isa = PBXFileReference; fileEncoding = 4; lastKnownFileType = sourcecode.c.h; path = netpgp.h; sourceTree = "<group>"; };
		75EC4E1B180014BC00D82718 /* fmemopen.c */ = {isa = PBXFileReference; fileEncoding = 4; lastKnownFileType = sourcecode.c.c; path = fmemopen.c; sourceTree = "<group>"; };
		75EC4E1C180014BC00D82718 /* fmemopen.h */ = {isa = PBXFileReference; fileEncoding = 4; lastKnownFileType = sourcecode.c.h; path = fmemopen.h; sourceTree = "<group>"; };
		DCF78AD3BF984E3AAC4EC1DB /* Pods.xcconfig */ = {isa = PBXFileReference; includeInIndex = 1; lastKnownFileType = text.xcconfig; name = Pods.xcconfig; path = Pods/Pods.xcconfig; sourceTree = "<group>"; };
		FE89B52DBAE9412383F2624D /* libPods.a */ = {isa = PBXFileReference; explicitFileType = archive.ar; includeInIndex = 0; path = libPods.a; sourceTree = BUILT_PRODUCTS_DIR; };
/* End PBXFileReference section */

/* Begin PBXFrameworksBuildPhase section */
		751132F717FB1F0800A3DB81 /* Frameworks */ = {
			isa = PBXFrameworksBuildPhase;
			buildActionMask = 2147483647;
			files = (
				7561881D17FB2011003030EB /* libz.dylib in Frameworks */,
				7561881B17FB2006003030EB /* libbz2.dylib in Frameworks */,
				751132FB17FB1F0800A3DB81 /* Foundation.framework in Frameworks */,
				7511332917FB1FCA00A3DB81 /* libPods-OpenSSL.a in Frameworks */,
				7511332517FB1FB200A3DB81 /* libUNNetPGP.a in Frameworks */,
				751132FD17FB1F0800A3DB81 /* CoreGraphics.framework in Frameworks */,
				751132FE17FB1F0800A3DB81 /* UIKit.framework in Frameworks */,
				7511332717FB1FC400A3DB81 /* libPods.a in Frameworks */,
			);
			runOnlyForDeploymentPostprocessing = 0;
		};
		75E60B5717F4498900952522 /* Frameworks */ = {
			isa = PBXFrameworksBuildPhase;
			buildActionMask = 2147483647;
			files = (
				D035A006DF60432984EB4D07 /* libPods.a in Frameworks */,
			);
			runOnlyForDeploymentPostprocessing = 0;
		};
/* End PBXFrameworksBuildPhase section */

/* Begin PBXGroup section */
		751132FF17FB1F0800A3DB81 /* test client */ = {
			isa = PBXGroup;
			children = (
				7511330817FB1F0800A3DB81 /* AppDelegate.h */,
				7511330917FB1F0800A3DB81 /* AppDelegate.m */,
				7511330B17FB1F0800A3DB81 /* Images.xcassets */,
				7511330017FB1F0800A3DB81 /* Supporting Files */,
			);
			path = "test client";
			sourceTree = "<group>";
		};
		7511330017FB1F0800A3DB81 /* Supporting Files */ = {
			isa = PBXGroup;
			children = (
				7511330117FB1F0800A3DB81 /* test client-Info.plist */,
				7511330217FB1F0800A3DB81 /* InfoPlist.strings */,
				7511330517FB1F0800A3DB81 /* main.m */,
				7511330717FB1F0800A3DB81 /* test client-Prefix.pch */,
			);
			name = "Supporting Files";
			sourceTree = "<group>";
		};
		75E60B5117F4498900952522 = {
			isa = PBXGroup;
			children = (
				75E60B5F17F4498900952522 /* netpgp */,
				751132FF17FB1F0800A3DB81 /* test client */,
				75E60B5C17F4498900952522 /* Frameworks */,
				75E60B5B17F4498900952522 /* Products */,
				DCF78AD3BF984E3AAC4EC1DB /* Pods.xcconfig */,
			);
			sourceTree = "<group>";
		};
		75E60B5B17F4498900952522 /* Products */ = {
			isa = PBXGroup;
			children = (
				75E60B5A17F4498900952522 /* libUNNetPGP.a */,
				751132FA17FB1F0800A3DB81 /* test client.app */,
			);
			name = Products;
			sourceTree = "<group>";
		};
		75E60B5C17F4498900952522 /* Frameworks */ = {
			isa = PBXGroup;
			children = (
				7561881C17FB2011003030EB /* libz.dylib */,
				7561881A17FB2006003030EB /* libbz2.dylib */,
				7511332817FB1FCA00A3DB81 /* libPods-OpenSSL.a */,
				7511332617FB1FC400A3DB81 /* libPods.a */,
				751132F417FB1ECF00A3DB81 /* libPods.a */,
				75E60B5D17F4498900952522 /* Foundation.framework */,
				75E60B6B17F4498900952522 /* XCTest.framework */,
				75E60B6E17F4498900952522 /* UIKit.framework */,
				FE89B52DBAE9412383F2624D /* libPods.a */,
				751132FC17FB1F0800A3DB81 /* CoreGraphics.framework */,
			);
			name = Frameworks;
			sourceTree = "<group>";
		};
		75E60B5F17F4498900952522 /* netpgp */ = {
			isa = PBXGroup;
			children = (
				75EC4E1A180014BC00D82718 /* fmemopen */,
				75E60BE517F44A0B00952522 /* lib */,
				75E60B6017F4498900952522 /* Supporting Files */,
				7544904817FB07880047DF5C /* UNNetPGP.h */,
				7544904917FB07880047DF5C /* UNNetPGP.m */,
				755ACF9A17FF1D3800AC419B /* TODO.txt */,
			);
			path = netpgp;
			sourceTree = "<group>";
		};
		75E60B6017F4498900952522 /* Supporting Files */ = {
			isa = PBXGroup;
			children = (
			);
			name = "Supporting Files";
			sourceTree = "<group>";
		};
		75E60BE517F44A0B00952522 /* lib */ = {
			isa = PBXGroup;
			children = (
				75E60C3317F44BAE00952522 /* mj.c */,
				75E60C3417F44BAE00952522 /* mj.h */,
				75E60BF917F44A0B00952522 /* bufgap.c */,
				75E60BFA17F44A0B00952522 /* bufgap.h */,
				75E60BFB17F44A0B00952522 /* compress.c */,
				75E60BFC17F44A0B00952522 /* config.h */,
				75E60BFD17F44A0B00952522 /* create.c */,
				75E60BFE17F44A0B00952522 /* create.h */,
				75E60BFF17F44A0B00952522 /* crypto.c */,
				75E60C0017F44A0B00952522 /* crypto.h */,
				75E60C0117F44A0B00952522 /* defs.h */,
				75E60C0217F44A0B00952522 /* errors.h */,
				75E60C0317F44A0B00952522 /* fastctype.c */,
				75E60C0417F44A0B00952522 /* fastctype.h */,
				75E60C0517F44A0B00952522 /* keyring.c */,
				75E60C0617F44A0B00952522 /* keyring.h */,
				75E60C0717F44A0B00952522 /* memory.h */,
				75E60C0817F44A0B00952522 /* misc.c */,
				75E60C0917F44A0B00952522 /* netpgp.c */,
				75E60C3A17F44E6200952522 /* netpgp.h */,
				75E60C0A17F44A0B00952522 /* netpgpdefs.h */,
				75E60C0B17F44A0B00952522 /* netpgpdigest.h */,
				75E60C0C17F44A0B00952522 /* netpgpsdk.h */,
				75E60C0D17F44A0B00952522 /* openssl_crypto.c */,
				75E60C0E17F44A0B00952522 /* ops-ssh.h */,
				75E60C0F17F44A0B00952522 /* packet-parse.c */,
				75E60C1017F44A0B00952522 /* packet-parse.h */,
				75E60C1117F44A0B00952522 /* packet-print.c */,
				75E60C1217F44A0B00952522 /* packet-show.c */,
				75E60C1317F44A0B00952522 /* packet-show.h */,
				75E60C1417F44A0B00952522 /* packet.h */,
				75E60C1517F44A0B00952522 /* reader.c */,
				75E60C1617F44A0B00952522 /* readerwriter.h */,
				75E60C1717F44A0B00952522 /* signature.c */,
				75E60C1817F44A0B00952522 /* signature.h */,
				75E60C1917F44A0B00952522 /* ssh2pgp.c */,
				75E60C1A17F44A0B00952522 /* symmetric.c */,
				75E60C1B17F44A0B00952522 /* types.h */,
				75E60C1C17F44A0B00952522 /* validate.c */,
				75E60C1D17F44A0B00952522 /* validate.h */,
				75E60C1E17F44A0B00952522 /* version.h */,
				75E60C1F17F44A0B00952522 /* writer.c */,
				75E60C2017F44A0B00952522 /* writer.h */,
			);
			path = lib;
			sourceTree = "<group>";
		};
		75EC4E1A180014BC00D82718 /* fmemopen */ = {
			isa = PBXGroup;
			children = (
				75EC4E1B180014BC00D82718 /* fmemopen.c */,
				75EC4E1C180014BC00D82718 /* fmemopen.h */,
			);
			path = fmemopen;
			sourceTree = "<group>";
		};
/* End PBXGroup section */

/* Begin PBXHeadersBuildPhase section */
		75E60C3D17F4586500952522 /* Headers */ = {
			isa = PBXHeadersBuildPhase;
			buildActionMask = 2147483647;
			files = (
				75EC4E1F180014BC00D82718 /* fmemopen.h in Headers */,
				75E60C3E17F4586C00952522 /* netpgp.h in Headers */,
				7544904A17FB07880047DF5C /* UNNetPGP.h in Headers */,
			);
			runOnlyForDeploymentPostprocessing = 0;
		};
/* End PBXHeadersBuildPhase section */

/* Begin PBXNativeTarget section */
		751132F917FB1F0800A3DB81 /* test client */ = {
			isa = PBXNativeTarget;
			buildConfigurationList = 7511331F17FB1F0800A3DB81 /* Build configuration list for PBXNativeTarget "test client" */;
			buildPhases = (
				751132F617FB1F0800A3DB81 /* Sources */,
				751132F717FB1F0800A3DB81 /* Frameworks */,
				751132F817FB1F0800A3DB81 /* Resources */,
			);
			buildRules = (
			);
			dependencies = (
			);
			name = "test client";
			productName = "test client";
			productReference = 751132FA17FB1F0800A3DB81 /* test client.app */;
			productType = "com.apple.product-type.application";
		};
		75E60B5917F4498900952522 /* UNNetPGP */ = {
			isa = PBXNativeTarget;
			buildConfigurationList = 75E60B7D17F4498900952522 /* Build configuration list for PBXNativeTarget "UNNetPGP" */;
			buildPhases = (
				108171624B04444BB0CCB088 /* Check Pods Manifest.lock */,
				75E60B5617F4498900952522 /* Sources */,
				75E60B5717F4498900952522 /* Frameworks */,
				75E60B5817F4498900952522 /* CopyFiles */,
				75E60C3D17F4586500952522 /* Headers */,
				D10E1B8165514E39921DFAD1 /* Copy Pods Resources */,
			);
			buildRules = (
			);
			dependencies = (
			);
			name = UNNetPGP;
			productName = netpgp;
			productReference = 75E60B5A17F4498900952522 /* libUNNetPGP.a */;
			productType = "com.apple.product-type.library.static";
		};
/* End PBXNativeTarget section */

/* Begin PBXProject section */
		75E60B5217F4498900952522 /* Project object */ = {
			isa = PBXProject;
			attributes = {
				LastUpgradeCheck = 0500;
				ORGANIZATIONNAME = "UP-NEXT";
			};
			buildConfigurationList = 75E60B5517F4498900952522 /* Build configuration list for PBXProject "UNNetPGP" */;
			compatibilityVersion = "Xcode 3.2";
			developmentRegion = English;
			hasScannedForEncodings = 0;
			knownRegions = (
				en,
			);
			mainGroup = 75E60B5117F4498900952522;
			productRefGroup = 75E60B5B17F4498900952522 /* Products */;
			projectDirPath = "";
			projectRoot = "";
			targets = (
				75E60B5917F4498900952522 /* UNNetPGP */,
				751132F917FB1F0800A3DB81 /* test client */,
			);
		};
/* End PBXProject section */

/* Begin PBXResourcesBuildPhase section */
		751132F817FB1F0800A3DB81 /* Resources */ = {
			isa = PBXResourcesBuildPhase;
			buildActionMask = 2147483647;
			files = (
				7511330417FB1F0800A3DB81 /* InfoPlist.strings in Resources */,
				7511330C17FB1F0800A3DB81 /* Images.xcassets in Resources */,
			);
			runOnlyForDeploymentPostprocessing = 0;
		};
/* End PBXResourcesBuildPhase section */

/* Begin PBXShellScriptBuildPhase section */
		108171624B04444BB0CCB088 /* Check Pods Manifest.lock */ = {
			isa = PBXShellScriptBuildPhase;
			buildActionMask = 2147483647;
			files = (
			);
			inputPaths = (
			);
			name = "Check Pods Manifest.lock";
			outputPaths = (
			);
			runOnlyForDeploymentPostprocessing = 0;
			shellPath = /bin/sh;
			shellScript = "diff \"${PODS_ROOT}/../Podfile.lock\" \"${PODS_ROOT}/Manifest.lock\" > /dev/null\nif [[ $? != 0 ]] ; then\n    cat << EOM\nerror: The sandbox is not in sync with the Podfile.lock. Run 'pod install' or update your CocoaPods installation.\nEOM\n    exit 1\nfi\n";
			showEnvVarsInLog = 0;
		};
		D10E1B8165514E39921DFAD1 /* Copy Pods Resources */ = {
			isa = PBXShellScriptBuildPhase;
			buildActionMask = 2147483647;
			files = (
			);
			inputPaths = (
			);
			name = "Copy Pods Resources";
			outputPaths = (
			);
			runOnlyForDeploymentPostprocessing = 0;
			shellPath = /bin/sh;
			shellScript = "\"${SRCROOT}/Pods/Pods-resources.sh\"\n";
			showEnvVarsInLog = 0;
		};
/* End PBXShellScriptBuildPhase section */

/* Begin PBXSourcesBuildPhase section */
		751132F617FB1F0800A3DB81 /* Sources */ = {
			isa = PBXSourcesBuildPhase;
			buildActionMask = 2147483647;
			files = (
				7511330A17FB1F0800A3DB81 /* AppDelegate.m in Sources */,
				7511330617FB1F0800A3DB81 /* main.m in Sources */,
			);
			runOnlyForDeploymentPostprocessing = 0;
		};
		75E60B5617F4498900952522 /* Sources */ = {
			isa = PBXSourcesBuildPhase;
			buildActionMask = 2147483647;
			files = (
				75E60C2C17F44A0B00952522 /* packet-show.c in Sources */,
				75E60C2717F44A0B00952522 /* misc.c in Sources */,
				75E60C2917F44A0B00952522 /* openssl_crypto.c in Sources */,
				75E60C2117F44A0B00952522 /* bufgap.c in Sources */,
				75E60C3217F44A0B00952522 /* writer.c in Sources */,
				75E60C2617F44A0B00952522 /* keyring.c in Sources */,
				75E60C2517F44A0B00952522 /* fastctype.c in Sources */,
				75E60C2E17F44A0B00952522 /* signature.c in Sources */,
				75EC4E1E180014BC00D82718 /* fmemopen.c in Sources */,
				75E60C2F17F44A0B00952522 /* ssh2pgp.c in Sources */,
				75E60C2B17F44A0B00952522 /* packet-print.c in Sources */,
				75E60C3017F44A0B00952522 /* symmetric.c in Sources */,
				75E60C2217F44A0B00952522 /* compress.c in Sources */,
				75E60C2417F44A0B00952522 /* crypto.c in Sources */,
				75E60C3517F44BAE00952522 /* mj.c in Sources */,
				75E60C2A17F44A0B00952522 /* packet-parse.c in Sources */,
				75E60C2317F44A0B00952522 /* create.c in Sources */,
				75E60C2817F44A0B00952522 /* netpgp.c in Sources */,
				75E60C3117F44A0B00952522 /* validate.c in Sources */,
				75E60C2D17F44A0B00952522 /* reader.c in Sources */,
				7544904B17FB07880047DF5C /* UNNetPGP.m in Sources */,
			);
			runOnlyForDeploymentPostprocessing = 0;
		};
/* End PBXSourcesBuildPhase section */

/* Begin PBXVariantGroup section */
		7511330217FB1F0800A3DB81 /* InfoPlist.strings */ = {
			isa = PBXVariantGroup;
			children = (
				7511330317FB1F0800A3DB81 /* en */,
			);
			name = InfoPlist.strings;
			sourceTree = "<group>";
		};
/* End PBXVariantGroup section */

/* Begin XCBuildConfiguration section */
		7511332017FB1F0800A3DB81 /* Debug */ = {
			isa = XCBuildConfiguration;
			buildSettings = {
				ARCHS = "$(ARCHS_STANDARD_INCLUDING_64_BIT)";
				ASSETCATALOG_COMPILER_APPICON_NAME = AppIcon;
				ASSETCATALOG_COMPILER_LAUNCHIMAGE_NAME = LaunchImage;
				"CODE_SIGN_IDENTITY[sdk=iphoneos*]" = "iPhone Developer";
				FRAMEWORK_SEARCH_PATHS = (
					"$(inherited)",
					"$(DEVELOPER_FRAMEWORKS_DIR)",
				);
				GCC_PRECOMPILE_PREFIX_HEADER = YES;
				GCC_PREFIX_HEADER = "test client/test client-Prefix.pch";
				GCC_PREPROCESSOR_DEFINITIONS = (
					"DEBUG=1",
					"$(inherited)",
				);
				INFOPLIST_FILE = "test client/test client-Info.plist";
				LIBRARY_SEARCH_PATHS = (
					"$(inherited)",
					"/Users/marcinkrzyzanowski/Devel/netpgp-xcode/netpgp/Pods/build/Debug-iphoneos",
				);
				PRODUCT_NAME = "$(TARGET_NAME)";
				WRAPPER_EXTENSION = app;
			};
			name = Debug;
		};
		7511332117FB1F0800A3DB81 /* Release */ = {
			isa = XCBuildConfiguration;
			buildSettings = {
				ARCHS = "$(ARCHS_STANDARD_INCLUDING_64_BIT)";
				ASSETCATALOG_COMPILER_APPICON_NAME = AppIcon;
				ASSETCATALOG_COMPILER_LAUNCHIMAGE_NAME = LaunchImage;
				"CODE_SIGN_IDENTITY[sdk=iphoneos*]" = "iPhone Developer";
				FRAMEWORK_SEARCH_PATHS = (
					"$(inherited)",
					"$(DEVELOPER_FRAMEWORKS_DIR)",
				);
				GCC_PRECOMPILE_PREFIX_HEADER = YES;
				GCC_PREFIX_HEADER = "test client/test client-Prefix.pch";
				INFOPLIST_FILE = "test client/test client-Info.plist";
				LIBRARY_SEARCH_PATHS = (
					"$(inherited)",
					"/Users/marcinkrzyzanowski/Devel/netpgp-xcode/netpgp/Pods/build/Debug-iphoneos",
				);
				PRODUCT_NAME = "$(TARGET_NAME)";
				WRAPPER_EXTENSION = app;
			};
			name = Release;
		};
		75E60B7B17F4498900952522 /* Debug */ = {
			isa = XCBuildConfiguration;
			buildSettings = {
				ALWAYS_SEARCH_USER_PATHS = NO;
				ARCHS = "$(ARCHS_STANDARD_INCLUDING_64_BIT)";
				CLANG_CXX_LANGUAGE_STANDARD = "gnu++0x";
				CLANG_CXX_LIBRARY = "libc++";
				CLANG_ENABLE_MODULES = YES;
				CLANG_ENABLE_OBJC_ARC = YES;
				CLANG_WARN_BOOL_CONVERSION = YES;
				CLANG_WARN_CONSTANT_CONVERSION = YES;
				CLANG_WARN_DIRECT_OBJC_ISA_USAGE = YES_ERROR;
				CLANG_WARN_EMPTY_BODY = YES;
				CLANG_WARN_ENUM_CONVERSION = YES;
				CLANG_WARN_INT_CONVERSION = YES;
				CLANG_WARN_OBJC_ROOT_CLASS = YES_ERROR;
				CLANG_WARN__DUPLICATE_METHOD_MATCH = YES;
				COPY_PHASE_STRIP = NO;
				GCC_C_LANGUAGE_STANDARD = gnu99;
				GCC_DYNAMIC_NO_PIC = NO;
				GCC_OPTIMIZATION_LEVEL = 0;
				GCC_PREPROCESSOR_DEFINITIONS = (
					"DEBUG=1",
					"$(inherited)",
				);
				GCC_SYMBOLS_PRIVATE_EXTERN = NO;
				GCC_WARN_64_TO_32_BIT_CONVERSION = YES;
				GCC_WARN_ABOUT_RETURN_TYPE = YES_ERROR;
				GCC_WARN_UNDECLARED_SELECTOR = YES;
				GCC_WARN_UNINITIALIZED_AUTOS = YES;
				GCC_WARN_UNUSED_FUNCTION = YES;
				GCC_WARN_UNUSED_VARIABLE = YES;
				IPHONEOS_DEPLOYMENT_TARGET = 7.0;
				ONLY_ACTIVE_ARCH = YES;
				SDKROOT = iphoneos;
			};
			name = Debug;
		};
		75E60B7C17F4498900952522 /* Release */ = {
			isa = XCBuildConfiguration;
			buildSettings = {
				ALWAYS_SEARCH_USER_PATHS = NO;
				ARCHS = "$(ARCHS_STANDARD_INCLUDING_64_BIT)";
				CLANG_CXX_LANGUAGE_STANDARD = "gnu++0x";
				CLANG_CXX_LIBRARY = "libc++";
				CLANG_ENABLE_MODULES = YES;
				CLANG_ENABLE_OBJC_ARC = YES;
				CLANG_WARN_BOOL_CONVERSION = YES;
				CLANG_WARN_CONSTANT_CONVERSION = YES;
				CLANG_WARN_DIRECT_OBJC_ISA_USAGE = YES_ERROR;
				CLANG_WARN_EMPTY_BODY = YES;
				CLANG_WARN_ENUM_CONVERSION = YES;
				CLANG_WARN_INT_CONVERSION = YES;
				CLANG_WARN_OBJC_ROOT_CLASS = YES_ERROR;
				CLANG_WARN__DUPLICATE_METHOD_MATCH = YES;
				COPY_PHASE_STRIP = YES;
				ENABLE_NS_ASSERTIONS = NO;
				GCC_C_LANGUAGE_STANDARD = gnu99;
				GCC_WARN_64_TO_32_BIT_CONVERSION = YES;
				GCC_WARN_ABOUT_RETURN_TYPE = YES_ERROR;
				GCC_WARN_UNDECLARED_SELECTOR = YES;
				GCC_WARN_UNINITIALIZED_AUTOS = YES;
				GCC_WARN_UNUSED_FUNCTION = YES;
				GCC_WARN_UNUSED_VARIABLE = YES;
				IPHONEOS_DEPLOYMENT_TARGET = 7.0;
				SDKROOT = iphoneos;
				VALIDATE_PRODUCT = YES;
			};
			name = Release;
		};
		75E60B7E17F4498900952522 /* Debug */ = {
			isa = XCBuildConfiguration;
			baseConfigurationReference = DCF78AD3BF984E3AAC4EC1DB /* Pods.xcconfig */;
			buildSettings = {
				DSTROOT = /tmp/netpgp.dst;
				GCC_PRECOMPILE_PREFIX_HEADER = NO;
				HEADER_SEARCH_PATHS = (
					"$(inherited)",
					/Applications/Xcode.app/Contents/Developer/Toolchains/XcodeDefault.xctoolchain/usr/include,
					"$(TARGET_BUILD_DIR)",
				);
				PRIVATE_HEADERS_FOLDER_PATH = /usr/local/include;
				PRODUCT_NAME = UNNetPGP;
				PUBLIC_HEADERS_FOLDER_PATH = /usr/include;
				SKIP_INSTALL = YES;
			};
			name = Debug;
		};
		75E60B7F17F4498900952522 /* Release */ = {
			isa = XCBuildConfiguration;
			baseConfigurationReference = DCF78AD3BF984E3AAC4EC1DB /* Pods.xcconfig */;
			buildSettings = {
				DSTROOT = /tmp/netpgp.dst;
				GCC_PRECOMPILE_PREFIX_HEADER = NO;
				HEADER_SEARCH_PATHS = (
					"$(inherited)",
					/Applications/Xcode.app/Contents/Developer/Toolchains/XcodeDefault.xctoolchain/usr/include,
					"$(TARGET_BUILD_DIR)",
				);
				PRIVATE_HEADERS_FOLDER_PATH = /usr/local/include;
				PRODUCT_NAME = UNNetPGP;
				PUBLIC_HEADERS_FOLDER_PATH = /usr/include;
				SKIP_INSTALL = YES;
			};
			name = Release;
		};
/* End XCBuildConfiguration section */

/* Begin XCConfigurationList section */
		7511331F17FB1F0800A3DB81 /* Build configuration list for PBXNativeTarget "test client" */ = {
			isa = XCConfigurationList;
			buildConfigurations = (
				7511332017FB1F0800A3DB81 /* Debug */,
				7511332117FB1F0800A3DB81 /* Release */,
			);
			defaultConfigurationIsVisible = 0;
			defaultConfigurationName = Release;
		};
		75E60B5517F4498900952522 /* Build configuration list for PBXProject "UNNetPGP" */ = {
			isa = XCConfigurationList;
			buildConfigurations = (
				75E60B7B17F4498900952522 /* Debug */,
				75E60B7C17F4498900952522 /* Release */,
			);
			defaultConfigurationIsVisible = 0;
			defaultConfigurationName = Release;
		};
		75E60B7D17F4498900952522 /* Build configuration list for PBXNativeTarget "UNNetPGP" */ = {
			isa = XCConfigurationList;
			buildConfigurations = (
				75E60B7E17F4498900952522 /* Debug */,
				75E60B7F17F4498900952522 /* Release */,
			);
			defaultConfigurationIsVisible = 0;
			defaultConfigurationName = Release;
		};
/* End XCConfigurationList section */
	};
	rootObject = 75E60B5217F4498900952522 /* Project object */;
}
